cuelabs.dev/go/oci/ociregistry v0.0.0-20251212221603-3adeb8663819 h1:Zh+Ur3OsoWpvALHPLT45nOekHkgOt+IOfutBbPqM17I=
cuelabs.dev/go/oci/ociregistry v0.0.0-20251212221603-3adeb8663819/go.mod h1:WjmQxb+W6nVNCgj8nXrF24lIz95AHwnSl36tpjDZSU8=
cuelang.org/go v0.16.1 h1:iPN1lHZd2J0hjcr8hfq9PnIGk7VfPkKFfxH4de+m9sE=
cuelang.org/go v0.16.1/go.mod h1:/aW3967FeWC5Hc1cDrN4Z4ICVApdMi83wO5L3uF/1hM=
github.com/alecthomas/assert/v2 v2.11.0 h1:2Q9r3ki8+JYXvGsDyBXwH3LcJ+WK5D0gc5E8vS6K3D0=
github.com/alecthomas/assert/v2 v2.11.0/go.mod h1:Bze95FyfUr7x34QZrjL+XP+0qgp/zg8yS+TtBj1WA3k=
github.com/alecthomas/kong v1.15.0 h1:BVJstKbpO73zKpmIu+m/aLRrNmWwxXPIGTNin9VmLVI=
github.com/alecthomas/kong v1.15.0/go.mod h1:wrlbXem1CWqUV5Vbmss5ISYhsVPkBb1Yo7YKJghju2I=
github.com/alecthomas/repr v0.5.2 h1:SU73FTI9D1P5UNtvseffFSGmdNci/O6RsqzeXJtP0Qs=
github.com/alecthomas/repr v0.5.2/go.mod h1:Fr0507jx4eOXV7AlPV6AVZLYrLIuIeSOWtW57eE/O/4=
github.com/bufbuild/protocompile v0.14.1 h1:iA73zAf/fyljNjQKwYzUHD6AD4R8KMasmwa/FBatYVw=
github.com/bufbuild/protocompile v0.14.1/go.mod h1:ppVdAIhbr2H8asPk6k4pY7t9zB1OU5DoEw9xY/FUi1c=
github.com/charmbracelet/colorprofile v0.4.2 h1:BdSNuMjRbotnxHSfxy+PCSa4xAmz7szw70ktAtWRYrY=
github.com/charmbracelet/colorprofile v0.4.2/go.mod h1:0rTi81QpwDElInthtrQ6Ni7cG0sDtwAd4C4le060fT8=
github.com/charmbracelet/ultraviolet v0.0.0-20260303162955-0b88c25f3fff h1:uY7A6hTokHPJBHfq7rj9Y/wm+IAjOghZTxKfVW6QLvw=
github.com/charmbracelet/ultraviolet v0.0.0-20260303162955-0b88c25f3fff/go.mod h1:E6/0abq9uG2SnM8IbLB9Y5SW09uIgfaFETk8aRzgXUQ=
github.com/charmbracelet/x/ansi v0.11.7 h1:kzv1kJvjg2S3r9KHo8hDdHFQLEqn4RBCb39dAYC84jI=
github.com/charmbracelet/x/ansi v0.11.7/go.mod h1:9qGpnAVYz+8ACONkZBUWPtL7lulP9No6p1epAihUZwQ=
github.com/charmbracelet/x/exp/ordered v0.1.0 h1:55/qLwjIh0gL0Vni+QAWk7T/qRVP6sBf+2agPBgnOFE=
github.com/charmbracelet/x/exp/ordered v0.1.0/go.mod h1:5UHwmG+is5THxMyCJHNPCn2/ecI07aKNrW+LcResjJ8=
github.com/charmbracelet/x/term v0.2.2 h1:xVRT/S2ZcKdhhOuSP4t5cLi5o+JxklsoEObBSgfgZRk=
github.com/charmbracelet/x/term v0.2.2/go.mod h1:kF8CY5RddLWrsgVwpw4kAa6TESp6EB5y3uxGLeCqzAI=
github.com/charmbracelet/x/termios v0.1.1 h1:o3Q2bT8eqzGnGPOYheoYS8eEleT5ZVNYNy8JawjaNZY=
github.com/charmbracelet/x/termios v0.1.1/go.mod h1:rB7fnv1TgOPOyyKRJ9o+AsTU/vK5WHJ2ivHeut/Pcwo=
github.com/charmbracelet/x/vt v0.0.0-20260615092313-b57e5e6d29bb h1:yIoP/iHqTYVXP6UcZlyN4VAXRd8CyK/zE23TQtHn0xM=
github.com/charmbracelet/x/vt v0.0.0-20260615092313-b57e5e6d29bb/go.mod h1:u1LOIABor9JqY54oZdktK3TCRrgzP6tzHrDYx1nd3wY=
github.com/charmbracelet/x/windows v0.2.2 h1:IofanmuvaxnKHuV04sC0eBy/smG6kIKrWG2/jYn2GuM=
github.com/charmbracelet/x/windows v0.2.2/go.mod h1:/8XtdKZzedat74NQFn0NGlGL4soHB0YQZrETF96h75k=
github.com/clipperhouse/displaywidth v0.11.0 h1:lBc6kY44VFw+TDx4I8opi/EtL9m20WSEFgwIwO+UVM8=
github.com/clipperhouse/displaywidth v0.11.0/go.mod h1:bkrFNkf81G8HyVqmKGxsPufD3JhNl3dSqnGhOoSD/o0=
github.com/clipperhouse/uax29/v2 v2.7.0 h1:+gs4oBZ2gPfVrKPthwbMzWZDaAFPGYK72F0NJv2v7Vk=
github.com/clipperhouse/uax29/v2 v2.7.0/go.mod h1:EFJ2TJMRUaplDxHKj1qAEhCtQPW2tJSwu5BF98AuoVM=
github.com/cockroachdb/apd/v3 v3.2.1 h1:U+8j7t0axsIgvQUqthuNm82HIrYXodOV2iWLWtEaIwg=
github.com/cockroachdb/apd/v3 v3.2.1/go.mod h1:klXJcjp+FffLTHlhIG69tezTDvdP065naDsHzKhYSqc=
github.com/containerd/stargz-snapshotter/estargz v0.18.1 h1:cy2/lpgBXDA3cDKSyEfNOFMA/c10O1axL69EU7iirO8=
github.com/containerd/stargz-snapshotter/estargz v0.18.1/go.mod h1:ALIEqa7B6oVDsrF37GkGN20SuvG/pIMm7FwP7ZmRb0Q=
github.com/davecgh/go-spew v1.1.0/go.mod h1:J7Y8YcW2NihsgmVo/mv3lAwl/skON4iLHjSsI+c5H38=
github.com/davecgh/go-spew v1.1.1/go.mod h1:J7Y8YcW2NihsgmVo/mv3lAwl/skON4iLHjSsI+c5H38=
github.com/davecgh/go-spew v1.1.2-0.20180830191138-d8f796af33cc h1:U9qPSI2PIWSS1VwoXQT9A3Wy9MM3WgvqSxFWenqJduM=
github.com/davecgh/go-spew v1.1.2-0.20180830191138-d8f796af33cc/go.mod h1:J7Y8YcW2NihsgmVo/mv3lAwl/skON4iLHjSsI+c5H38=
github.com/digitalocean/go-libvirt v0.0.0-20260217163227-273eaa321819 h1:1LiSa7NuVnyRbxDdNqS4nc15s6fI+Q1xiNklWA1qJ30=
github.com/digitalocean/go-libvirt v0.0.0-20260217163227-273eaa321819/go.mod h1:qb0Ofa71d3oXARQf633h2tNaeBxLsVxuDp+jcsVO2+4=
github.com/docker/cli v29.0.3+incompatible h1:8J+PZIcF2xLd6h5sHPsp5pvvJA+Sr2wGQxHkRl53a1E=
github.com/docker/cli v29.0.3+incompatible/go.mod h1:JLrzqnKDaYBop7H2jaqPtU4hHvMKP+vjCwu2uszcLI8=
github.com/docker/distribution v2.8.3+incompatible h1:AtKxIZ36LoNK51+Z6RpzLpddBirtxJnzDrHLEKxTAYk=
github.com/docker/distribution v2.8.3+incompatible/go.mod h1:J2gT2udsDAN96Uj4KfcMRqY0/ypR+oyYUYmja8H+y+w=
github.com/docker/docker-credential-helpers v0.9.3 h1:gAm/VtF9wgqJMoxzT3Gj5p4AqIjCBS4wrsOh9yRqcz8=
github.com/docker/docker-credential-helpers v0.9.3/go.mod h1:x+4Gbw9aGmChi3qTLZj8Dfn0TD20M/fuWy0E5+WDeCo=
github.com/emicklei/proto v1.14.3 h1:zEhlzNkpP8kN6utonKMzlPfIvy82t5Kb9mufaJxSe1Q=
github.com/emicklei/proto v1.14.3/go.mod h1:rn1FgRS/FANiZdD2djyH7TMA9jdRDcYQ9IEN9yvjX0A=
github.com/fatih/color v1.13.0/go.mod h1:kLAiJbzzSOZDVNGyDpeOxJ47H46qBXwg5ILebYFFOfk=
github.com/fatih/color v1.15.0 h1:kOqh6YHBtK8aywxGerMG2Eq3H6Qgoqeo13Bk2Mv/nBs=
github.com/fatih/color v1.15.0/go.mod h1:0h5ZqXfHYED7Bhv2ZJamyIOUej9KtShiJESRwBDUSsw=
github.com/fsnotify/fsnotify v1.10.1 h1:b0/UzAf9yR5rhf3RPm9gf3ehBPpf0oZKIjtpKrx59Ho=
github.com/go-quicktest/qt v1.101.0 h1:O1K29Txy5P2OK0dGo59b7b0LR6wKfIhttaAhHUyn7eI=
github.com/go-quicktest/qt v1.101.0/go.mod h1:14Bz/f7NwaXPtdYEgzsx46kqSxVwTbzVZsDC26tQJow=
github.com/golang/protobuf v1.5.4 h1:i7eJL8qZTpSEXOPTxNKhASYpMn+8e5Q6AdndVa1dWek=
github.com/golang/protobuf v1.5.4/go.mod h1:lnTiLA8Wa4RWRcIUkrtSVa5nRhsEGBg48fD6rSs7xps=
github.com/google/go-cmp v0.7.0 h1:wk8382ETsv4JYUZwIsn6YpYiWiBsYLSJiTsyBybVuN8=
github.com/google/go-cmp v0.7.0/go.mod h1:pXiqmnSA92OHEEa9HXL2W4E7lf9JzCmGVUdgjX3N/iU=
github.com/google/go-containerregistry v0.20.7 h1:24VGNpS0IwrOZ2ms2P1QE3Xa5X9p4phx0aUgzYzHW6I=
github.com/google/go-containerregistry v0.20.7/go.mod h1:Lx5LCZQjLH1QBaMPeGwsME9biPeo1lPx6lbGj/UmzgM=
github.com/google/renameio/v2 v2.0.2 h1:qKZs+tfn+arruZZhQ7TKC/ergJunuJicWS6gLDt/dGw=
github.com/google/uuid v1.6.0 h1:NIvaJDMOsjHA8n1jAhLSgzrAzy1Hgr+hNrb57e+94F0=
github.com/google/uuid v1.6.0/go.mod h1:TIyPZe4MgqvfeYDBFedMoGGpEw/LqOeaOT+nhxU+yHo=
github.com/hashicorp/go-hclog v1.6.3 h1:Qr2kF+eVWjTiYmU7Y31tYlP1h0q/X3Nl3tPGdaB11/k=
github.com/hashicorp/go-hclog v1.6.3/go.mod h1:W4Qnvbt70Wk/zYJryRzDRU/4r0kIg0PVHBcfoyhpF5M=
github.com/hashicorp/go-plugin v1.8.0 h1:ie8S6RRY8RvB2usYZv+AAZ/wBvx2AU5p5QeP5j/FORs=
github.com/hashicorp/go-plugin v1.8.0/go.mod h1:BExt6KEaIYx804z8k4gRzRLEvxKVb+kn0NMcihqOqb8=
github.com/hashicorp/yamux v0.1.2 h1:XtB8kyFOyHXYVFnwT5C3+Bdo8gArse7j2AQ0DA0Uey8=
github.com/hashicorp/yamux v0.1.2/go.mod h1:C+zze2n6e/7wshOZep2A70/aQU6QBRWJO/G6FT1wIns=
github.com/hexops/gotextdiff v1.0.3 h1:gitA9+qJrrTCsiCl7+kh75nPqQt1cx4ZkudSTLoUqJM=
github.com/hexops/gotextdiff v1.0.3/go.mod h1:pSWU5MAI3yDq+fZBTazCSJysOMbxWL1BSow5/V2vxeg=
github.com/jhump/protoreflect v1.17.0 h1:qOEr613fac2lOuTgWN4tPAtLL7fUSbuJL5X5XumQh94=
github.com/jhump/protoreflect v1.17.0/go.mod h1:h9+vUUL38jiBzck8ck+6G/aeMX8Z4QUY/NiJPwPNi+8=
github.com/kata-containers/govmm v0.0.0-20220119175834-88960a15dacd h1:KHXrWDYVqFpUJthFQ1XRGLipiyZEgoN75ryOxPKJQ98=
github.com/kata-containers/govmm v0.0.0-20220119175834-88960a15dacd/go.mod h1:A6QaNB6N6PRQ9mTRpFtUxiF5T5CJpzLALjxBrUQPlFI=
github.com/klauspost/compress v1.19.2 h1:hMRETovs/pu/dVWN7zIT1PGG8t509MwT6bO7XSi26R8=
github.com/klauspost/compress v1.19.2/go.mod h1:cwPg85FWrGar70rWktvGQj8/hthj3wpl0PGDogxkrSQ=
github.com/kr/pretty v0.2.1/go.mod h1:ipq/a2n7PKx3OHsz4KJII5eveXtPO4qwEXGdVfWzfnI=
github.com/kr/pretty v0.3.1 h1:flRD4NNwYAUpkphVc1HcthR4KEIFJ65n8Mw5qdRn3LE=
github.com/kr/pretty v0.3.1/go.mod h1:hoEshYVHaxMs3cyo3Yncou5ZscifuDolrwPKZanG3xk=
github.com/kr/pty v1.1.1/go.mod h1:pFQYn66WHrOpPYNljwOMqo10TkYh1fy3cYio2l3bCsQ=
github.com/kr/text v0.1.0/go.mod h1:4Jbv+DJW3UT/LiOwJeYQe1efqtUx/iVham/4vfdArNI=
github.com/kr/text v0.2.0 h1:5Nx0Ya0ZqY2ygV366QzturHI13Jq95ApcVaJBhpS+AY=
github.com/kr/text v0.2.0/go.mod h1:eLer722TekiGuMkidMxC/pM04lWEeraHUUmBw8l2grE=
github.com/kylelemons/godebug v1.1.0 h1:RPNrshWIDI6G2gRW9EHilWtl7Z6Sb1BR0xunSBf0SNc=
github.com/kylelemons/godebug v1.1.0/go.mod h1:9/0rRGxNHcop5bhtWyNeEfOS8JIWk580+fNqagV/RAw=
github.com/lib/pq v1.10.7 h1:p7ZhMD+KsSRozJr34udlUrhboJwWAgCg34+/ZZNvZZw=
github.com/lib/pq v1.10.7/go.mod h1:AlVN5x4E4T544tWzH6hKfbfQvm3HdbOxrmggDNAPY9o=
github.com/lucasb-eyer/go-colorful v1.4.0 h1:UtrWVfLdarDgc44HcS7pYloGHJUjHV/4FwW4TvVgFr4=
github.com/lucasb-eyer/go-colorful v1.4.0/go.mod h1:R4dSotOR9KMtayYi1e77YzuveK+i7ruzyGqttikkLy0=
github.com/mattn/go-colorable v0.1.9/go.mod h1:u6P/XSegPjTcexA+o6vUJrdnUu04hMope9wVRipJSqc=
github.com/mattn/go-colorable v0.1.12/go.mod h1:u5H1YNBxpqRaxsYJYSkiCWKzEfiAb1Gb520KVy5xxl4=
github.com/mattn/go-colorable v0.1.13 h1:fFA4WZxdEF4tXPZVKMLwD8oUnCTTo08duU7wxecdEvA=
github.com/mattn/go-colorable v0.1.13/go.mod h1:7S9/ev0klgBDR4GtXTXX8a3vIGJpMovkB8vQcUbaXHg=
github.com/mattn/go-isatty v0.0.12/go.mod h1:cbi8OIDigv2wuxKPP5vlRcQ1OAZbq2CE4Kysco4FUpU=
github.com/mattn/go-isatty v0.0.14/go.mod h1:7GGIvUiUoEMVVmxf/4nioHXj79iQHKdU27kJ6hsGG94=
github.com/mattn/go-isatty v0.0.16/go.mod h1:kYGgaQfpe5nmfYZH+SKPsOc2e4SrIfOl2e/yFXSvRLM=
github.com/mattn/go-isatty v0.0.20 h1:xfD0iDuEKnDkl03q4limB+vH+GxLEtL/jb4xVJSWWEY=
github.com/mattn/go-runewidth v0.0.23 h1:7ykA0T0jkPpzSvMS5i9uoNn2Xy3R383f9HDx3RybWcw=
github.com/mattn/go-runewidth v0.0.23/go.mod h1:XBkDxAl56ILZc9knddidhrOlY5R/pDhgLpndooCuJAs=
github.com/mitchellh/go-homedir v1.1.0 h1:lukF9ziXFxDFPkA1vsr5zpc1XuPDn/wFntq5mG+4E0Y=
github.com/mitchellh/go-homedir v1.1.0/go.mod h1:SfyaCUpYCn1Vlf4IUYiD9fPX4A5wJrkLzIz1N1q0pr0=
github.com/mitchellh/go-wordwrap v1.0.1 h1:TLuKupo69TCn6TQSyGxwI1EblZZEsQ0vMlAFQflz0v0=
github.com/mitchellh/go-wordwrap v1.0.1/go.mod h1:R62XHJLzvMFRBbcrT7m7WgmE1eOyTSsCt+hzestvNj0=
github.com/muesli/cancelreader v0.2.2 h1:3I4Kt4BQjOR54NavqnDogx/MIoWBFa0StPA8ELUXHmA=
github.com/muesli/cancelreader v0.2.2/go.mod h1:3XuTXfFS2VjM+HTLZY9Ak0l6eUKfijIfMUZ4EgX0QYo=
github.com/oklog/run v1.1.0 h1:GEenZ1cK0+q0+wsJew9qUg/DyD8k3JzYsZAi5gYi2mA=
github.com/oklog/run v1.1.0/go.mod h1:sVPdnTZT1zYwAJeCMu2Th4T21pA3FPOQRfWjQlk7DVU=
github.com/opencharly/charly/candy/plugin-addr v0.0.0-20260729064511-fdae3cc3d4dd h1:P3+A74JbmMUTNRU8S1bnp8cassuRfMqFX6ZhI3LiNr4=
github.com/opencharly/charly/candy/plugin-addr v0.0.0-20260729064511-fdae3cc3d4dd/go.mod h1:wwRdlbt6o8ZbXef9fWT06fp1USmWpiDdMf4RZqyTEzs=
github.com/opencharly/charly/candy/plugin-agent v0.0.0-20260729064511-fdae3cc3d4dd h1:8iDgw0EW0PaDya7ttVdheqfxtm4i1Z+NxztjNgeNsdQ=
github.com/opencharly/charly/candy/plugin-agent v0.0.0-20260729064511-fdae3cc3d4dd/go.mod h1:hD8lA+Zc1pA92ttvf+4NkhOBzeTf+jvBp8LRVvNzOgs=
github.com/opencharly/charly/candy/plugin-agent-pi v0.0.0-20260729064511-fdae3cc3d4dd h1:OLyOe1mx9/8ZJt2vZeP6UOTuZEUZBSKEKuQy4yYi2u4=
github.com/opencharly/charly/candy/plugin-agent-pi v0.0.0-20260729064511-fdae3cc3d4dd/go.mod h1:uIQm3Lpe8fGwW7R0iDfQ7C3lD3AU2stc37ZhYv0iuso=
github.com/opencharly/charly/candy/plugin-alias v0.0.0-20260729064511-fdae3cc3d4dd h1:CndCQVg2EhDw+QAbJ1M/1Pe+VpU83o24UrHKZZE8Clw=
github.com/opencharly/charly/candy/plugin-alias v0.0.0-20260729064511-fdae3cc3d4dd/go.mod h1:/ZV8sQ0/LWwB4qPb/0VyFfZX4kkBoWdMqibQvangZls=
github.com/opencharly/charly/candy/plugin-authoring v0.0.0-20260729064511-fdae3cc3d4dd h1:nl5vxaIQihEFE74IRPyaRZOI+a5OQP1/6rUitkEXXiA=
github.com/opencharly/charly/candy/plugin-authoring v0.0.0-20260729064511-fdae3cc3d4dd/go.mod h1:jSA0M+RcOjN0j1e6a06ud4BHa1WQb7btuK7NHd0kAaw=
github.com/opencharly/charly/candy/plugin-box v0.0.0-20260729064511-fdae3cc3d4dd h1:05aowGhY1jkMaj3GKCPUWgfsl/jofobbAT6pz6owpu0=
github.com/opencharly/charly/candy/plugin-box v0.0.0-20260729064511-fdae3cc3d4dd/go.mod h1:kxsl3WjVhPwfLlfqtqGEHaxwnaNfYvKx3NmFFVR4/9Q=
github.com/opencharly/charly/candy/plugin-build v0.0.0-20260729064511-fdae3cc3d4dd h1:55ttAIw+aeV4Rxwqj+kp5er4Jd5i5/7OPMRK2bnXnw4=
github.com/opencharly/charly/candy/plugin-build v0.0.0-20260729064511-fdae3cc3d4dd/go.mod h1:EGx5Kd/cW3b3FAF3CLnGDjHSqxSvGAM3d06rLIY8x3k=
github.com/opencharly/charly/candy/plugin-builder v0.0.0-20260729064511-fdae3cc3d4dd h1:G5pvHj+F4zooSQDHdOXJ2MjfuqOtinVip1m3llp3OYI=
github.com/opencharly/charly/candy/plugin-builder v0.0.0-20260729064511-fdae3cc3d4dd/go.mod h1:iqPBV6ofLqqQUcgLQe/QqAkAOjfEXMQLsQeWN/7yreI=
github.com/opencharly/charly/candy/plugin-candy v0.0.0-20260729064511-fdae3cc3d4dd h1:0tcJ/2479IIlIDHVPMRIMfhx0li2oac+veF48t3W6WE=
github.com/opencharly/charly/candy/plugin-candy v0.0.0-20260729064511-fdae3cc3d4dd/go.mod h1:F9A79eNFLyQNRhR8OUEFbbgR//ZSBq49yDBQNnGDMZQ=
github.com/opencharly/charly/candy/plugin-candy-kind v0.0.0-20260729064511-fdae3cc3d4dd h1:o6ps8fXcjxva+oPkrDmeVOcqrbEMhzwO3EF/KQw+O+k=
github.com/opencharly/charly/candy/plugin-candy-kind v0.0.0-20260729064511-fdae3cc3d4dd/go.mod h1:QcQMP072orcz7rthG8U7hONu79ZWVkQvdFf41b7FqYE=
github.com/opencharly/charly/candy/plugin-check v0.0.0-20260729064511-fdae3cc3d4dd h1:4tuXLHxyUHRwDHfMGI7OIBKouUohMHh5v4f5cYiiwBA=
github.com/opencharly/charly/candy/plugin-check v0.0.0-20260729064511-fdae3cc3d4dd/go.mod h1:7LP97zEYdDKtqhgpq/I5X3mAQTpNYjEhH3JF7spThto=
github.com/opencharly/charly/candy/plugin-clean v0.0.0-20260729064511-fdae3cc3d4dd h1:sDVMEh9oUtJgUh8NmNA8r0vBmDtfk3TfxnALPUNycYA=
github.com/opencharly/charly/candy/plugin-clean v0.0.0-20260729064511-fdae3cc3d4dd/go.mod h1:wLR0dimJLcWBznKba+X6uVj3sb43njoFOsiE4Ytxe+w=
github.com/opencharly/charly/candy/plugin-cmd v0.0.0-20260729064511-fdae3cc3d4dd h1:nZrsPmXtNRMxTjUEKQdzQdvNMNG0EqhBaSFnWCFn5tw=
github.com/opencharly/charly/candy/plugin-cmd v0.0.0-20260729064511-fdae3cc3d4dd/go.mod h1:WQSOwQmYT8DVSwy+fui9hlaQjP/Xy4wlUINOqa9PmXE=
github.com/opencharly/charly/candy/plugin-command v0.0.0-20260729064511-fdae3cc3d4dd h1:2bf+c/mTxZBLZbX5nT/A+9kRSPtpsHhdiAgVeQJGc+U=
github.com/opencharly/charly/candy/plugin-command v0.0.0-20260729064511-fdae3cc3d4dd/go.mod h1:tUU4ssl9ewwtFcEqy/e+8ZxjJ6btwnmpckSL/7jCcLE=
github.com/opencharly/charly/candy/plugin-distro v0.0.0-20260729064511-fdae3cc3d4dd h1:TdS0AkJaxwAKt5MP0j23eh0mSoaRVkoORaJDMKyfu5w=
github.com/opencharly/charly/candy/plugin-distro v0.0.0-20260729064511-fdae3cc3d4dd/go.mod h1:dS3a+dW6HlbvpWa8YXrMAy0oNqgvUstmGMzKs8PZhKM=
github.com/opencharly/charly/candy/plugin-dns v0.0.0-20260729064511-fdae3cc3d4dd h1:e2E0/SS9ImEwf1UigXSOn/yz/0dsNkxQMhKFfiVdsYA=
github.com/opencharly/charly/candy/plugin-dns v0.0.0-20260729064511-fdae3cc3d4dd/go.mod h1:FtvhRoQxzlrSjYx3WpcfVtui/cQVHN3UWKCe70kUiUA=
github.com/opencharly/charly/candy/plugin-doctor v0.0.0-20260729064511-fdae3cc3d4dd h1:4OaYtTnHOzKCP0UW5a57fgwCjgPj57vscnGvl1v+7Ss=
github.com/opencharly/charly/candy/plugin-doctor v0.0.0-20260729064511-fdae3cc3d4dd/go.mod h1:Hdt8CS0/J1JHB5vZ/RdBh1fr7OrscSrbmGlBN7TJW6U=
github.com/opencharly/charly/candy/plugin-egress v0.0.0-20260806230842-5cda00cb0fbc h1:IMnPf53XNKL3Uh8s+nQ5FaJFxE/1YaKu2nqsPXydWJA=
github.com/opencharly/charly/candy/plugin-egress v0.0.0-20260806230842-5cda00cb0fbc/go.mod h1:q/+0H1+AVpnH9zqD6KclGaowWTuPGeLEKwRTptpCVGE=
github.com/opencharly/charly/candy/plugin-enc v0.0.0-20260729064511-fdae3cc3d4dd h1:HYyQDI+kCe8uObfoWmB1cG+JIrSVrB1sZ5Cl85q8+VU=
github.com/opencharly/charly/candy/plugin-enc v0.0.0-20260729064511-fdae3cc3d4dd/go.mod h1:s5RNaDA8UyNGk5qHweeqKON4b2lP4UFDTTKOfXXuqJs=
github.com/opencharly/charly/candy/plugin-example v0.0.0-20260729064511-fdae3cc3d4dd h1:WHRP+gcsiDtRGBYNKzg6lYThx+1plachLkp2SpDywLA=
github.com/opencharly/charly/candy/plugin-example v0.0.0-20260729064511-fdae3cc3d4dd/go.mod h1:Ho/nFTBLFr6Qn49E7bTbSh1sDZDU446+SA4PhapX2H8=
github.com/opencharly/charly/candy/plugin-example-bootstrap v0.0.0-20260729064511-fdae3cc3d4dd h1:EnSoOHBolWceOgc7m4+p6uoHpEQaffCILAwYusGNiuc=
github.com/opencharly/charly/candy/plugin-example-bootstrap v0.0.0-20260729064511-fdae3cc3d4dd/go.mod h1:oR2bWVula9IUfI+hoDIidv3L315G9uBy9iCIe06e/90=
github.com/opencharly/charly/candy/plugin-example-command v0.0.0-20260729064511-fdae3cc3d4dd h1:Qe8qxnKl1PzxqbpiLMUH6XdAgYfX7HkiQDAwiWl9Txw=
github.com/opencharly/charly/candy/plugin-example-command v0.0.0-20260729064511-fdae3cc3d4dd/go.mod h1:QokI8Nt3aEBzIUu2xU/EHbDEcyepCo2kQ7tN6eGbLXA=
github.com/opencharly/charly/candy/plugin-example-external v0.0.0-20260729064511-fdae3cc3d4dd h1:BrA+pLkCLixdO3pJ3uDrtHAyfMPtvdTgfG/j+eFvK64=
github.com/opencharly/charly/candy/plugin-example-external v0.0.0-20260729064511-fdae3cc3d4dd/go.mod h1:FdEaTO00U6VxwlWqhRYA5l/Y/oGUM7x25mGaR0GvUnM=
github.com/opencharly/charly/candy/plugin-examplerunverb v0.0.0-20260729064511-fdae3cc3d4dd h1:mjNJ97l1YcNqC6puQqe5t5GBqYusm03e9ptqserfX+k=
github.com/opencharly/charly/candy/plugin-examplerunverb v0.0.0-20260729064511-fdae3cc3d4dd/go.mod h1:s+hOp6XU444Z6kgFecNUnPTPip0oPKC8Y06r7i/Op74=
github.com/opencharly/charly/candy/plugin-feature v0.0.0-20260729064511-fdae3cc3d4dd h1:5zbI5EtZTNzVxtGvINVgS4bSfrkdoYdDV+OyLZsXWxk=
github.com/opencharly/charly/candy/plugin-feature v0.0.0-20260729064511-fdae3cc3d4dd/go.mod h1:3e/4TezMS8dkqoh6JBugbeJN05w3g+5PvyaWVclTpeI=
github.com/opencharly/charly/candy/plugin-file v0.0.0-20260729064511-fdae3cc3d4dd h1:SnwvEXVc7xUdgBwFMJ9++2a/ae0Xqy6dKhsTEDXbQeQ=
github.com/opencharly/charly/candy/plugin-file v0.0.0-20260729064511-fdae3cc3d4dd/go.mod h1:5IIdxO//g6I/46KaYgaKe7SWFEnI8BwSWLuoIcAJqcg=
github.com/opencharly/charly/candy/plugin-gpu v0.0.0-20260729064511-fdae3cc3d4dd h1:zPf4ks9eRAZUcMFVCsobSjHqq53D2Phwu3NjivwChSc=
github.com/opencharly/charly/candy/plugin-gpu v0.0.0-20260729064511-fdae3cc3d4dd/go.mod h1:1BfP548C59ffTRIf4B6TOO0DHw0K8A2oO74ENSTS3k0=
github.com/opencharly/charly/candy/plugin-group v0.0.0-20260729064511-fdae3cc3d4dd h1:2vujMisXlGCaQvKeluoMxa6LOJA6oGaco0RFe69llT8=
github.com/opencharly/charly/candy/plugin-group v0.0.0-20260729064511-fdae3cc3d4dd/go.mod h1:J+znuucjSuCxIezqD8DO5zbnkYedxoayj/eG7jjUf58=
github.com/opencharly/charly/candy/plugin-http v0.0.0-20260729064511-fdae3cc3d4dd h1:adokeZVTlTdgjrzrx0is/b2GdbjQZv5acJlPskND/v8=
github.com/opencharly/charly/candy/plugin-http v0.0.0-20260729064511-fdae3cc3d4dd/go.mod h1:00quiQECQk2Pl6V6T/NSTVOCI+ZbQiZqnTw47Y9arMY=
github.com/opencharly/charly/candy/plugin-init v0.0.0-20260806230842-5cda00cb0fbc h1:lcJYtZUWmVACjk9zOwSjwqYr84H3xK/s+kNjK+OFR48=
github.com/opencharly/charly/candy/plugin-init v0.0.0-20260806230842-5cda00cb0fbc/go.mod h1:f3rnXBZsnX+gQj0S+rEtRPLAnHuxP4erpdkvV3p3B/I=
github.com/opencharly/charly/candy/plugin-installstep v0.0.0-20260729064511-fdae3cc3d4dd h1:Ah7UwBh88ws5PLF8cPCIZ/yqw99NaIKCrZOggBZYha4=
github.com/opencharly/charly/candy/plugin-installstep v0.0.0-20260729064511-fdae3cc3d4dd/go.mod h1:ud0Fhvc7BQ7KL+WL4r/JzFUeVvBB6SCccAfmG3tiZt4=
github.com/opencharly/charly/candy/plugin-interface v0.0.0-20260729064511-fdae3cc3d4dd h1:9IU4q5rz5z801ixoJ+WQTo13W92kP/KFxB1yOE3TaF8=
github.com/opencharly/charly/candy/plugin-interface v0.0.0-20260729064511-fdae3cc3d4dd/go.mod h1:aC5yu0X2GHROEXmKiPOJpQl1AJo59LJD6N8j8ne+0GM=
github.com/opencharly/charly/candy/plugin-k8sgen v0.0.0-20260729064511-fdae3cc3d4dd h1:9Z/MgMsB3w86EdlyVWmqpHIT244xK/chjCQipG89tOE=
github.com/opencharly/charly/candy/plugin-k8sgen v0.0.0-20260729064511-fdae3cc3d4dd/go.mod h1:T/Hm8wDfBvMmutn+Ak1bRj3D2rJJRbCH/AvxClgK3Rg=
github.com/opencharly/charly/candy/plugin-kernel-param v0.0.0-20260729064511-fdae3cc3d4dd h1:esFyWMlXt8yPwFS3+7pYWSXaXxxbNrv1TTG2uQgARWI=
github.com/opencharly/charly/candy/plugin-kernel-param v0.0.0-20260729064511-fdae3cc3d4dd/go.mod h1:pGCWxTTKYq266tCg2HBd0TN7spufvcoD/J2ZJOSxEPs=
github.com/opencharly/charly/candy/plugin-loader v0.0.0-20260729064511-fdae3cc3d4dd h1:2Bltndrdk3r8ORfGOlB/83yso3cp+0QNWWVpfdnT5yc=
github.com/opencharly/charly/candy/plugin-loader v0.0.0-20260729064511-fdae3cc3d4dd/go.mod h1:Dm0RHybbzyaUOYGMogyR0Ob83euU0EmUHrehsnAZ6Ow=
github.com/opencharly/charly/candy/plugin-matching v0.0.0-20260729064511-fdae3cc3d4dd h1:NDfNPCRKAul4HW2KJS95QT/PWHrcPkJFs6iCijmDmOE=
github.com/opencharly/charly/candy/plugin-matching v0.0.0-20260729064511-fdae3cc3d4dd/go.mod h1:EebEWOd5XWp2Lebhpn2Pf/J2puisiD7M0wi9NB1hWDE=
github.com/opencharly/charly/candy/plugin-migrate v0.0.0-20260729064511-fdae3cc3d4dd h1:IfnZSoSs89AG70DvQd82IszmCTNH8InYwlz6Ee2GxdA=
github.com/opencharly/charly/candy/plugin-migrate v0.0.0-20260729064511-fdae3cc3d4dd/go.mod h1:raRt7unPimQknalaRIKNiOFvI4R1C4Se6QlH4W5Ryn4=
github.com/opencharly/charly/candy/plugin-mount v0.0.0-20260729064511-fdae3cc3d4dd h1:IpSJZJ2DkqwBiHuKv8HuTPehRX+pmaTa+t9dS8jB0Qg=
github.com/opencharly/charly/candy/plugin-mount v0.0.0-20260729064511-fdae3cc3d4dd/go.mod h1:fHpC31AsYaZG2t0oR0erUjboGvFCEHpcIyX3CtwjzB8=
github.com/opencharly/charly/candy/plugin-oci v0.0.0-20260729064511-fdae3cc3d4dd h1:2HTByVyK5+a2O9rwOIr3I/a/NNr3Jkh3Sm+blwFYr9Q=
github.com/opencharly/charly/candy/plugin-oci v0.0.0-20260729064511-fdae3cc3d4dd/go.mod h1:pSuWsmcKeP7VtbOPv5yC9Q3iuRywHkNlkkVafZwgIGs=
github.com/opencharly/charly/candy/plugin-package v0.0.0-20260729064511-fdae3cc3d4dd h1:Tw9c7gd/djlukN1qJ/Oe4pvEDlBYihCr5O82VcZO2xM=
github.com/opencharly/charly/candy/plugin-package v0.0.0-20260729064511-fdae3cc3d4dd/go.mod h1:zFp5sjKVOjFAk73Z6pUWnXKK5nb1QyL9WZKabVq2WFI=
github.com/opencharly/charly/candy/plugin-pod v0.0.0-20260729064511-fdae3cc3d4dd h1:EOO9B4mzjzcRAnF6B/OvcRv8LW/yoAXvcnNYY5bYgDY=
github.com/opencharly/charly/candy/plugin-pod v0.0.0-20260729064511-fdae3cc3d4dd/go.mod h1:OkdwsxseXVMv+WH+3srzlgk9ib2KTp2u1s5NZQT7eUE=
github.com/opencharly/charly/candy/plugin-port v0.0.0-20260729064511-fdae3cc3d4dd h1:0yYXcaxIUd1fJ3CV41rIE7mJCOr5SCuM29IatQplW54=
github.com/opencharly/charly/candy/plugin-port v0.0.0-20260729064511-fdae3cc3d4dd/go.mod h1:9GaVyEif50Fo9iFXhNmCdZu8XpcwFOlJIqeEDi2HpNU=
github.com/opencharly/charly/candy/plugin-preempt v0.0.0-20260729064511-fdae3cc3d4dd h1:j5rmA7orZ4aMwzUhzrpA90cqJ6VeTd2EyFu5T/Fj8qU=
github.com/opencharly/charly/candy/plugin-preempt v0.0.0-20260729064511-fdae3cc3d4dd/go.mod h1:n4bK2J5+Vf3NO/ZeAP+0a0ddye43CjViMDgkEqLTetc=
github.com/opencharly/charly/candy/plugin-process v0.0.0-20260729064511-fdae3cc3d4dd h1:n3T7yfGLzstGhrqxjkDsJ5PnUY4tGDzNHxhoSKeKbRs=
github.com/opencharly/charly/candy/plugin-process v0.0.0-20260729064511-fdae3cc3d4dd/go.mod h1:edma17aHkDE+YPHBPRKW8WykIS0KOMUBceuMwlv9JtI=
github.com/opencharly/charly/candy/plugin-refs v0.0.0-20260729064511-fdae3cc3d4dd h1:V1aghtzk7MkdpsrsuG53640t4DypVsCSrNyp+Kd74J8=
github.com/opencharly/charly/candy/plugin-refs v0.0.0-20260729064511-fdae3cc3d4dd/go.mod h1:walYYaZMA+lu9h+MauHR20T6CFGCn3aDv87UpHLu6Ds=
github.com/opencharly/charly/candy/plugin-resource v0.0.0-20260729064511-fdae3cc3d4dd h1:z7vbeUac7D4jxAp1jJWYaRjdYexNq9NNOKEWLaqO/SU=
github.com/opencharly/charly/candy/plugin-resource v0.0.0-20260729064511-fdae3cc3d4dd/go.mod h1:MQbvMLNUCtRl1NqEfiafj3Es4XqJcmFSTvSWDut27/k=
github.com/opencharly/charly/candy/plugin-service v0.0.0-20260729064511-fdae3cc3d4dd h1:gLHo83q+UlFfmxMDsqAf3eQqkd9lgErS0b88N7LLJbs=
github.com/opencharly/charly/candy/plugin-service v0.0.0-20260729064511-fdae3cc3d4dd/go.mod h1:r1KB+gW5bqasBHN9YuCpQs30gCk6zPSzrCjkXusuSGY=
github.com/opencharly/charly/candy/plugin-settings v0.0.0-20260729064511-fdae3cc3d4dd h1:vXGLp+L4IpekIe2QU2Mf9c0JN3iTtCHgJT2hnIORd98=
github.com/opencharly/charly/candy/plugin-settings v0.0.0-20260729064511-fdae3cc3d4dd/go.mod h1:ddw3R+3Tbq+paqyZneZBSiiNglm0qoALTT3m5oDp98I=
github.com/opencharly/charly/candy/plugin-sidecar v0.0.0-20260729064511-fdae3cc3d4dd h1:Zbab2JAFTALhamGRjjmLMnE6dPwXrIH+Rv+Uf90jCWg=
github.com/opencharly/charly/candy/plugin-sidecar v0.0.0-20260729064511-fdae3cc3d4dd/go.mod h1:CwmTk77tE44DReVk8qad31Id92+0kJ2s7+HZHAFdb/s=
github.com/opencharly/charly/candy/plugin-ssh v0.0.0-20260729064511-fdae3cc3d4dd h1:BgDO/yb8XeNGJqYtGopUTu2EVFTgW9GP/6Pi2ZtOorE=
github.com/opencharly/charly/candy/plugin-ssh v0.0.0-20260729064511-fdae3cc3d4dd/go.mod h1:AVnMEIISQ2hDvettaCKDiFq787riItZfxrcIs/TGZlI=
github.com/opencharly/charly/candy/plugin-status v0.0.0-20260729064511-fdae3cc3d4dd h1:8VLKyVvEX0dv11SfmB+CzvwBZ2wT/h4rJ8eGZwJTcm8=
github.com/opencharly/charly/candy/plugin-status v0.0.0-20260729064511-fdae3cc3d4dd/go.mod h1:gKHkWxtihAa6E4mo1Q9QPsjJADiVIE62+NiK25P5PRQ=
github.com/opencharly/charly/candy/plugin-substrate v0.0.0-20260729064511-fdae3cc3d4dd h1:gUMOruPYJ4WPfFxazMoXxQ6o3IxIwJxR0N0apijpGWg=
github.com/opencharly/charly/candy/plugin-substrate v0.0.0-20260729064511-fdae3cc3d4dd/go.mod h1:EJUJpCMQMIg/e27Sp8KD2V1FM2R6JzyWtqYZsk5l2GA=
github.com/opencharly/charly/candy/plugin-tmux v0.0.0-20260729064511-fdae3cc3d4dd h1:gN1hEX0lBM85woD8WcmwiXbEawIcKgijvmVV6Ez25oI=
github.com/opencharly/charly/candy/plugin-tmux v0.0.0-20260729064511-fdae3cc3d4dd/go.mod h1:cq52SXq6v+jXOFIPEjVK+NmX4mK51DAc+sa6LCmmBgI=
github.com/opencharly/charly/candy/plugin-tunnel v0.0.0-20260729064511-fdae3cc3d4dd h1:kS2aPdP7lkb1vtauhBkHkvrovaBoO3JZ/JnS64+/g4s=
github.com/opencharly/charly/candy/plugin-tunnel v0.0.0-20260729064511-fdae3cc3d4dd/go.mod h1:wz8DFAeUQJA9PjXcdHWzoCpuXDMuSTnccQR7+zxVU14=
github.com/opencharly/charly/candy/plugin-unix-group v0.0.0-20260729064511-fdae3cc3d4dd h1:nP63igG9G3HdowI0tcpEX9P0zA1HZzOcR7wdhs3JPj0=
github.com/opencharly/charly/candy/plugin-unix-group v0.0.0-20260729064511-fdae3cc3d4dd/go.mod h1:rY5RyNWe27LBs80MZD/G/ANi1dNOTCUOVW036gaTA2c=
github.com/opencharly/charly/candy/plugin-user v0.0.0-20260729064511-fdae3cc3d4dd h1:KCx+4oK0XfwLwOaWm7XxfUqpnngdYMi/nQkQlV0PBys=
github.com/opencharly/charly/candy/plugin-user v0.0.0-20260729064511-fdae3cc3d4dd/go.mod h1:nVY9j2ibXH1OZpH7pETZvgz07YhoTBTYeQFc625voQ8=
github.com/opencharly/charly/candy/plugin-vm v0.0.0-20260729064511-fdae3cc3d4dd h1:M21pEDXM9zErmh2dygDu3ZWThNLVq5ACkeorvFg0AsY=
github.com/opencharly/charly/candy/plugin-vm v0.0.0-20260729064511-fdae3cc3d4dd/go.mod h1:9V6sfDgsVkNhYwglQ63fHMmBMnuZ0dxkLj9xKaw2HDI=
github.com/opencharly/sdk v0.2026236.813 h1:JPXqgeATwWPBN+Ijkd7oH6DxFXDsL5wQqUCpcxr+6ZQ=
github.com/opencharly/sdk v0.2026236.813/go.mod h1:XJ2BWJbfSSHPxhE+4yzmdDVuMHaSA4apCsiGJQbtQe4=
github.com/opencharly/spec v0.2026232.521-0.20260823190543-d35d15fd2a87 h1:y1f6u4PtRuch7sxRxDT4tsgJH6qv9IrRY5yE8aE9+Bk=
github.com/opencharly/spec v0.2026232.521-0.20260823190543-d35d15fd2a87/go.mod h1:yaB8ABSTiJClK1xq/zCtWizcqfKKOhnuKcgGrHwxmW8=
github.com/opencontainers/go-digest v1.0.0 h1:apOUWs51W5PlhuyGyz9FCeeBIOUDA/6nW8Oi/yOhh5U=
github.com/opencontainers/go-digest v1.0.0/go.mod h1:0JzlMkj0TRzQZfJkVvzbP0HBR3IKzErnv2BNG4W4MAM=
github.com/opencontainers/image-spec v1.1.1 h1:y0fUlFfIZhPF1W537XOLg0/fcx6zcHCJwooC2xJA040=
github.com/opencontainers/image-spec v1.1.1/go.mod h1:qpqAh3Dmcf36wStyyWU+kCeDgrGnAve2nCC8+7h8Q0M=
github.com/pelletier/go-toml/v2 v2.2.4 h1:mye9XuhQ6gvn5h28+VilKrrPoQVanw5PMw/TB0t5Ec4=
github.com/pelletier/go-toml/v2 v2.2.4/go.mod h1:2gIqNv+qfxSVS7cM2xJQKtLSTLUE9V8t9Stt+h56mCY=
github.com/pkg/errors v0.9.1 h1:FEBLx1zS214owpjy7qsBeixbURkuhQAwrK5UwLGTwt4=
github.com/pkg/errors v0.9.1/go.mod h1:bwawxfHBFNV+L2hUp1rHADufV3IMtnDRdf1r5NINEl0=
github.com/pmezard/go-difflib v1.0.0/go.mod h1:iKH77koFhYxTK1pcRnkKkqfTogsbg7gZNVY4sRDYZ/4=
github.com/pmezard/go-difflib v1.0.1-0.20181226105442-5d4384ee4fb2 h1:Jamvg5psRIccs7FGNTlIRMkT8wgtp5eCXdBlqhYGL6U=
github.com/pmezard/go-difflib v1.0.1-0.20181226105442-5d4384ee4fb2/go.mod h1:iKH77koFhYxTK1pcRnkKkqfTogsbg7gZNVY4sRDYZ/4=
github.com/protocolbuffers/txtpbfmt v0.0.0-20260217160748-a481f6a22f94 h1:2PC6Ql3jipz1KvBlqUHjjk6v4aMwE86mfDu1XMH0LR8=
github.com/protocolbuffers/txtpbfmt v0.0.0-20260217160748-a481f6a22f94/go.mod h1:JSbkp0BviKovYYt9XunS95M3mLPibE9bGg+Y95DsEEY=
github.com/rivo/uniseg v0.4.7 h1:WUdvkW8uEhrYfLC4ZzdpI2ztxP1I582+49Oc5Mq64VQ=
github.com/rivo/uniseg v0.4.7/go.mod h1:FN3SvrM+Zdj16jyLfmOkMNblXMcoc8DfTHruCPUcx88=
github.com/rogpeppe/go-internal v1.14.1 h1:UQB4HGPB6osV0SQTLymcB4TgvyWu6ZyliaW0tI/otEQ=
github.com/rogpeppe/go-internal v1.14.1/go.mod h1:MaRKkUm5W0goXpeCfT7UZI6fk/L7L7so1lCWt35ZSgc=
github.com/sirupsen/logrus v1.9.3 h1:dueUQJ1C2q9oE3F7wvmSGAaVtTmUizReu6fjN8uqzbQ=
github.com/sirupsen/logrus v1.9.3/go.mod h1:naHLuLoDiP4jHNo9R0sCBMtWGeIprob74mVsIT4qYEQ=
github.com/stretchr/objx v0.1.0/go.mod h1:HFkY916IF+rwdDfMAkV7OtwuqBVzrE8GR6GFx+wExME=
github.com/stretchr/testify v1.7.0/go.mod h1:6Fq8oRcR53rry900zMqJjRRixrwX3KX962/h/Wwjteg=
github.com/stretchr/testify v1.7.2/go.mod h1:R6va5+xMeoiuVRoj+gSkQ7d3FALtqAAGI1FQKckRals=
github.com/stretchr/testify v1.11.1 h1:7s2iGBzp5EwR7/aIZr8ao5+dra3wiQyKjjFuvgVKu7U=
github.com/stretchr/testify v1.11.1/go.mod h1:wZwfW3scLgRK+23gO65QZefKpKQRnfz6sD981Nm4B6U=
github.com/vbatts/tar-split v0.12.2 h1:w/Y6tjxpeiFMR47yzZPlPj/FcPLpXbTUi/9H7d3CPa4=
github.com/vbatts/tar-split v0.12.2/go.mod h1:eF6B6i6ftWQcDqEn3/iGFRFRo8cBIMSJVOpnNdfTMFA=
github.com/xo/terminfo v0.0.0-20220910002029-abceb7e1c41e h1:JVG44RsyaB9T2KIHavMF/ppJZNG9ZpyihvCd0w101no=
github.com/xo/terminfo v0.0.0-20220910002029-abceb7e1c41e/go.mod h1:RbqR21r5mrJuqunuUZ/Dhy/avygyECGrLceyNeo4LiM=
go.yaml.in/yaml/v3 v3.0.4 h1:tfq32ie2Jv2UxXFdLJdh3jXuOzWiL1fo0bu/FbuKpbc=
go.yaml.in/yaml/v3 v3.0.4/go.mod h1:DhzuOOF2ATzADvBadXxruRBLzYTpT36CKvDb3+aBEFg=
golang.org/x/crypto v0.52.0 h1:RMs7fP2rXdep0CftQlK8Uf+kibLm7qkCcradZWYz988=
golang.org/x/crypto v0.52.0/go.mod h1:1QgfPxDqh0T2M/elOJtp9RvuR95kVjir0e6/BvEmGbc=
golang.org/x/exp v0.0.0-20260410095643-746e56fc9e2f h1:W3F4c+6OLc6H2lb//N1q4WpJkhzJCK5J6kUi1NTVXfM=
golang.org/x/exp v0.0.0-20260410095643-746e56fc9e2f/go.mod h1:J1xhfL/vlindoeF/aINzNzt2Bket5bjo9sdOYzOsU80=
golang.org/x/mod v0.35.0 h1:Ww1D637e6Pg+Zb2KrWfHQUnH2dQRLBQyAtpr/haaJeM=
golang.org/x/net v0.55.0 h1:bcvxaJn3e1U6InsFWt1JUq1aSjnRxLzT2rtD2KfkDF8=
golang.org/x/net v0.55.0/go.mod h1:L5U2KuzuOe1lY7Z+aWVIKK6qEeJXnXV9yzGA+WCHJww=
golang.org/x/oauth2 v0.36.0 h1:peZ/1z27fi9hUOFCAZaHyrpWG5lwe0RJEEEeH0ThlIs=
golang.org/x/oauth2 v0.36.0/go.mod h1:YDBUJMTkDnJS+A4BP4eZBjCqtokkg1hODuPjwiGPO7Q=
golang.org/x/sync v0.20.0 h1:e0PTpb7pjO8GAtTs2dQ6jYa5BWYlMuX047Dco/pItO4=
golang.org/x/sync v0.20.0/go.mod h1:9xrNwdLfx4jkKbNva9FpL6vEN7evnE43NNNJQ2LF3+0=
golang.org/x/sys v0.0.0-20200116001909-b77594299b42/go.mod h1:h1NjWce9XRLGQEsW7wpKNCjG9DtNlClVuFLEZdDNbEs=
golang.org/x/sys v0.0.0-20200223170610-d5e6a3e2c0ae/go.mod h1:h1NjWce9XRLGQEsW7wpKNCjG9DtNlClVuFLEZdDNbEs=
golang.org/x/sys v0.0.0-20210630005230-0f9fa26af87c/go.mod h1:oPkhp1MJrh7nUepCBck5+mAzfO9JrbApNNgaTdGDITg=
golang.org/x/sys v0.0.0-20210927094055-39ccf1dd6fa6/go.mod h1:oPkhp1MJrh7nUepCBck5+mAzfO9JrbApNNgaTdGDITg=
golang.org/x/sys v0.0.0-20220503163025-988cb79eb6c6/go.mod h1:oPkhp1MJrh7nUepCBck5+mAzfO9JrbApNNgaTdGDITg=
golang.org/x/sys v0.0.0-20220715151400-c0bba94af5f8/go.mod h1:oPkhp1MJrh7nUepCBck5+mAzfO9JrbApNNgaTdGDITg=
golang.org/x/sys v0.0.0-20220811171246-fbc7d0a398ab/go.mod h1:oPkhp1MJrh7nUepCBck5+mAzfO9JrbApNNgaTdGDITg=
golang.org/x/sys v0.45.0 h1:dO4czNzziLiiXplLQgBCEpCvXQ3dnkn0SdaZSYdQ+FY=
golang.org/x/sys v0.45.0/go.mod h1:4GL1E5IUh+htKOUEOaiffhrAeqysfVGipDYzABqnCmw=
golang.org/x/term v0.43.0 h1:S4RLU2sB31O/NCl+zFN9Aru9A/Cq2aqKpTZJ6B+DwT4=
golang.org/x/term v0.43.0/go.mod h1:lrhlHNdQJHO+1qVYiHfFKVuVioJIheAc3fBSMFYEIsk=
golang.org/x/text v0.37.0 h1:Cqjiwd9eSg8e0QAkyCaQTNHFIIzWtidPahFWR83rTrc=
golang.org/x/text v0.37.0/go.mod h1:a5sjxXGs9hsn/AJVwuElvCAo9v8QYLzvavO5z2PiM38=
golang.org/x/tools v0.44.0 h1:UP4ajHPIcuMjT1GqzDWRlalUEoY+uzoZKnhOjbIPD2c=
google.golang.org/genproto/googleapis/rpc v0.0.0-20231106174013-bbf56f31fb17 h1:Jyp0Hsi0bmHXG6k9eATXoYtjd6e2UzZ1SCn/wIupY14=
google.golang.org/genproto/googleapis/rpc v0.0.0-20231106174013-bbf56f31fb17/go.mod h1:oQ5rr10WTTMvP4A36n8JpR1OrO1BEiV4f78CneXZxkA=
google.golang.org/grpc v1.61.0 h1:TOvOcuXn30kRao+gfcvsebNEa5iZIiLkisYEkf7R7o0=
google.golang.org/grpc v1.61.0/go.mod h1:VUbo7IFqmF1QtCAstipjG0GIoq49KvMe9+h1jFLBNJs=
google.golang.org/protobuf v1.36.12-0.20260120151049-f2248ac996af h1:+5/Sw3GsDNlEmu7TfklWKPdQ0Ykja5VEmq2i817+jbI=
google.golang.org/protobuf v1.36.12-0.20260120151049-f2248ac996af/go.mod h1:HTf+CrKn2C3g5S8VImy6tdcUvCska2kB7j23XfzDpco=
gopkg.in/check.v1 v0.0.0-20161208181325-20d25e280405/go.mod h1:Co6ibVJAznAaIkqp8huTwlJQCZ016jof/cbN4VW5Yz0=
gopkg.in/check.v1 v1.0.0-20201130134442-10cb98267c6c h1:Hei/4ADfdWqJk1ZMxUNpqntNwaWcugrBjAiHlqqRiVk=
gopkg.in/check.v1 v1.0.0-20201130134442-10cb98267c6c/go.mod h1:JHkPIbrfpd72SG/EVd6muEfDQjcINNoR0C8j2r3qZ4Q=
gopkg.in/yaml.v3 v3.0.0-20200313102051-9f266ea9e77c/go.mod h1:K4uyk7z7BCEPqu6E+C64Yfv1cQ7kz7rIZviUmN+EgEM=
gopkg.in/yaml.v3 v3.0.1 h1:fxVm/GzAzEWqLHuvctI91KS9hhNmmWOoWu0XTYJS7CA=
gopkg.in/yaml.v3 v3.0.1/go.mod h1:K4uyk7z7BCEPqu6E+C64Yfv1cQ7kz7rIZviUmN+EgEM=
gotest.tools/v3 v3.0.3 h1:4AuOwCGf4lLR9u3YOe2awrHygurzhO/HeQ6laiA6Sx0=
gotest.tools/v3 v3.0.3/go.mod h1:Z7Lb0S5l+klDB31fvDQX8ss/FlKDxtlFlw3Oa8Ymbl8=
libvirt.org/go/libvirtxml v1.12002.0 h1:NbEHw+R3IZE0vZF1deCQt+6tA+6Io4pAw9RjS7tM4fs=
libvirt.org/go/libvirtxml v1.12002.0/go.mod h1:7Oq2BLDstLr/XtoQD8Fr3mfDNrzlI3utYKySXF2xkng=
