cuelabs.dev/go/oci/ociregistry v0.0.0-20251212221603-3adeb8663819 h1:Zh+Ur3OsoWpvALHPLT45nOekHkgOt+IOfutBbPqM17I=
cuelabs.dev/go/oci/ociregistry v0.0.0-20251212221603-3adeb8663819/go.mod h1:WjmQxb+W6nVNCgj8nXrF24lIz95AHwnSl36tpjDZSU8=
cuelang.org/go v0.16.1 h1:iPN1lHZd2J0hjcr8hfq9PnIGk7VfPkKFfxH4de+m9sE=
cuelang.org/go v0.16.1/go.mod h1:/aW3967FeWC5Hc1cDrN4Z4ICVApdMi83wO5L3uF/1hM=
github.com/alecthomas/assert/v2 v2.11.0 h1:2Q9r3ki8+JYXvGsDyBXwH3LcJ+WK5D0gc5E8vS6K3D0=
github.com/alecthomas/assert/v2 v2.11.0/go.mod h1:Bze95FyfUr7x34QZrjL+XP+0qgp/zg8yS+TtBj1WA3k=
github.com/alecthomas/kong v1.15.0 h1:BVJstKbpO73zKpmIu+m/aLRrNmWwxXPIGTNin9VmLVI=
github.com/alecthomas/kong v1.15.0/go.mod h1:wrlbXem1CWqUV5Vbmss5ISYhsVPkBb1Yo7YKJghju2I=
github.com/alecthomas/repr v0.5.2 h1:SU73FTI9D1P5UNtvseffFSGmdNci/O6RsqzeXJtP0Qs=
github.com/alecthomas/repr v0.5.2/go.mod h1:Fr0507jx4eOXV7AlPV6AVZLYrLIuIeSOWtW57eE/O/4=
github.com/bahlo/generic-list-go v0.2.0 h1:5sz/EEAK+ls5wF+NeqDpk5+iNdMDXrh3z3nPnH1Wvgk=
github.com/bahlo/generic-list-go v0.2.0/go.mod h1:2KvAjgMlE5NNynlg/5iLrrCCZ2+5xWbdbCW3pNTGyYg=
github.com/bufbuild/protocompile v0.14.1 h1:iA73zAf/fyljNjQKwYzUHD6AD4R8KMasmwa/FBatYVw=
github.com/bufbuild/protocompile v0.14.1/go.mod h1:ppVdAIhbr2H8asPk6k4pY7t9zB1OU5DoEw9xY/FUi1c=
github.com/buger/jsonparser v1.1.1 h1:2PnMjfWD7wBILjqQbt530v576A/cAbQvEW9gGIpYMUs=
github.com/buger/jsonparser v1.1.1/go.mod h1:6RYKKt7H4d4+iWqouImQ9R2FZql3VbhNgx27UK13J/0=
github.com/charmbracelet/colorprofile v0.4.2 h1:BdSNuMjRbotnxHSfxy+PCSa4xAmz7szw70ktAtWRYrY=
github.com/charmbracelet/colorprofile v0.4.2/go.mod h1:0rTi81QpwDElInthtrQ6Ni7cG0sDtwAd4C4le060fT8=
github.com/charmbracelet/ultraviolet v0.0.0-20260303162955-0b88c25f3fff h1:uY7A6hTokHPJBHfq7rj9Y/wm+IAjOghZTxKfVW6QLvw=
github.com/charmbracelet/ultraviolet v0.0.0-20260303162955-0b88c25f3fff/go.mod h1:E6/0abq9uG2SnM8IbLB9Y5SW09uIgfaFETk8aRzgXUQ=
github.com/charmbracelet/x/ansi v0.11.7 h1:kzv1kJvjg2S3r9KHo8hDdHFQLEqn4RBCb39dAYC84jI=
github.com/charmbracelet/x/ansi v0.11.7/go.mod h1:9qGpnAVYz+8ACONkZBUWPtL7lulP9No6p1epAihUZwQ=
github.com/charmbracelet/x/exp/ordered v0.1.0 h1:55/qLwjIh0gL0Vni+QAWk7T/qRVP6sBf+2agPBgnOFE=
github.com/charmbracelet/x/exp/ordered v0.1.0/go.mod h1:5UHwmG+is5THxMyCJHNPCn2/ecI07aKNrW+LcResjJ8=
github.com/charmbracelet/x/term v0.2.2 h1:xVRT/S2ZcKdhhOuSP4t5cLi5o+JxklsoEObBSgfgZRk=
github.com/charmbracelet/x/term v0.2.2/go.mod h1:kF8CY5RddLWrsgVwpw4kAa6TESp6EB5y3uxGLeCqzAI=
github.com/charmbracelet/x/termios v0.1.1 h1:o3Q2bT8eqzGnGPOYheoYS8eEleT5ZVNYNy8JawjaNZY=
github.com/charmbracelet/x/termios v0.1.1/go.mod h1:rB7fnv1TgOPOyyKRJ9o+AsTU/vK5WHJ2ivHeut/Pcwo=
github.com/charmbracelet/x/vt v0.0.0-20260615092313-b57e5e6d29bb h1:yIoP/iHqTYVXP6UcZlyN4VAXRd8CyK/zE23TQtHn0xM=
github.com/charmbracelet/x/vt v0.0.0-20260615092313-b57e5e6d29bb/go.mod h1:u1LOIABor9JqY54oZdktK3TCRrgzP6tzHrDYx1nd3wY=
github.com/charmbracelet/x/windows v0.2.2 h1:IofanmuvaxnKHuV04sC0eBy/smG6kIKrWG2/jYn2GuM=
github.com/charmbracelet/x/windows v0.2.2/go.mod h1:/8XtdKZzedat74NQFn0NGlGL4soHB0YQZrETF96h75k=
github.com/clipperhouse/displaywidth v0.11.0 h1:lBc6kY44VFw+TDx4I8opi/EtL9m20WSEFgwIwO+UVM8=
github.com/clipperhouse/displaywidth v0.11.0/go.mod h1:bkrFNkf81G8HyVqmKGxsPufD3JhNl3dSqnGhOoSD/o0=
github.com/clipperhouse/uax29/v2 v2.7.0 h1:+gs4oBZ2gPfVrKPthwbMzWZDaAFPGYK72F0NJv2v7Vk=
github.com/clipperhouse/uax29/v2 v2.7.0/go.mod h1:EFJ2TJMRUaplDxHKj1qAEhCtQPW2tJSwu5BF98AuoVM=
github.com/cockroachdb/apd/v3 v3.2.1 h1:U+8j7t0axsIgvQUqthuNm82HIrYXodOV2iWLWtEaIwg=
github.com/cockroachdb/apd/v3 v3.2.1/go.mod h1:klXJcjp+FffLTHlhIG69tezTDvdP065naDsHzKhYSqc=
github.com/containerd/stargz-snapshotter/estargz v0.18.1 h1:cy2/lpgBXDA3cDKSyEfNOFMA/c10O1axL69EU7iirO8=
github.com/containerd/stargz-snapshotter/estargz v0.18.1/go.mod h1:ALIEqa7B6oVDsrF37GkGN20SuvG/pIMm7FwP7ZmRb0Q=
github.com/davecgh/go-spew v1.1.0/go.mod h1:J7Y8YcW2NihsgmVo/mv3lAwl/skON4iLHjSsI+c5H38=
github.com/davecgh/go-spew v1.1.1/go.mod h1:J7Y8YcW2NihsgmVo/mv3lAwl/skON4iLHjSsI+c5H38=
github.com/davecgh/go-spew v1.1.2-0.20180830191138-d8f796af33cc h1:U9qPSI2PIWSS1VwoXQT9A3Wy9MM3WgvqSxFWenqJduM=
github.com/davecgh/go-spew v1.1.2-0.20180830191138-d8f796af33cc/go.mod h1:J7Y8YcW2NihsgmVo/mv3lAwl/skON4iLHjSsI+c5H38=
github.com/digitalocean/go-libvirt v0.0.0-20260217163227-273eaa321819 h1:1LiSa7NuVnyRbxDdNqS4nc15s6fI+Q1xiNklWA1qJ30=
github.com/digitalocean/go-libvirt v0.0.0-20260217163227-273eaa321819/go.mod h1:qb0Ofa71d3oXARQf633h2tNaeBxLsVxuDp+jcsVO2+4=
github.com/docker/cli v29.0.3+incompatible h1:8J+PZIcF2xLd6h5sHPsp5pvvJA+Sr2wGQxHkRl53a1E=
github.com/docker/cli v29.0.3+incompatible/go.mod h1:JLrzqnKDaYBop7H2jaqPtU4hHvMKP+vjCwu2uszcLI8=
github.com/docker/distribution v2.8.3+incompatible h1:AtKxIZ36LoNK51+Z6RpzLpddBirtxJnzDrHLEKxTAYk=
github.com/docker/distribution v2.8.3+incompatible/go.mod h1:J2gT2udsDAN96Uj4KfcMRqY0/ypR+oyYUYmja8H+y+w=
github.com/docker/docker-credential-helpers v0.9.3 h1:gAm/VtF9wgqJMoxzT3Gj5p4AqIjCBS4wrsOh9yRqcz8=
github.com/docker/docker-credential-helpers v0.9.3/go.mod h1:x+4Gbw9aGmChi3qTLZj8Dfn0TD20M/fuWy0E5+WDeCo=
github.com/emicklei/proto v1.14.3 h1:zEhlzNkpP8kN6utonKMzlPfIvy82t5Kb9mufaJxSe1Q=
github.com/emicklei/proto v1.14.3/go.mod h1:rn1FgRS/FANiZdD2djyH7TMA9jdRDcYQ9IEN9yvjX0A=
github.com/fatih/color v1.13.0/go.mod h1:kLAiJbzzSOZDVNGyDpeOxJ47H46qBXwg5ILebYFFOfk=
github.com/fatih/color v1.15.0 h1:kOqh6YHBtK8aywxGerMG2Eq3H6Qgoqeo13Bk2Mv/nBs=
github.com/fatih/color v1.15.0/go.mod h1:0h5ZqXfHYED7Bhv2ZJamyIOUej9KtShiJESRwBDUSsw=
github.com/fsnotify/fsnotify v1.10.1 h1:b0/UzAf9yR5rhf3RPm9gf3ehBPpf0oZKIjtpKrx59Ho=
github.com/fsnotify/fsnotify v1.10.1/go.mod h1:TLheqan6HD6GBK6PrDWyDPBaEV8LspOxvPSjC+bVfgo=
github.com/go-quicktest/qt v1.101.0 h1:O1K29Txy5P2OK0dGo59b7b0LR6wKfIhttaAhHUyn7eI=
github.com/go-quicktest/qt v1.101.0/go.mod h1:14Bz/f7NwaXPtdYEgzsx46kqSxVwTbzVZsDC26tQJow=
github.com/golang/protobuf v1.5.4 h1:i7eJL8qZTpSEXOPTxNKhASYpMn+8e5Q6AdndVa1dWek=
github.com/golang/protobuf v1.5.4/go.mod h1:lnTiLA8Wa4RWRcIUkrtSVa5nRhsEGBg48fD6rSs7xps=
github.com/google/go-cmp v0.7.0 h1:wk8382ETsv4JYUZwIsn6YpYiWiBsYLSJiTsyBybVuN8=
github.com/google/go-cmp v0.7.0/go.mod h1:pXiqmnSA92OHEEa9HXL2W4E7lf9JzCmGVUdgjX3N/iU=
github.com/google/go-containerregistry v0.20.7 h1:24VGNpS0IwrOZ2ms2P1QE3Xa5X9p4phx0aUgzYzHW6I=
github.com/google/go-containerregistry v0.20.7/go.mod h1:Lx5LCZQjLH1QBaMPeGwsME9biPeo1lPx6lbGj/UmzgM=
github.com/google/renameio/v2 v2.0.2 h1:qKZs+tfn+arruZZhQ7TKC/ergJunuJicWS6gLDt/dGw=
github.com/google/renameio/v2 v2.0.2/go.mod h1:OX+G6WHHpHq3NVj7cAOleLOwJfcQ1s3uUJQCrr78SWo=
github.com/google/uuid v1.6.0 h1:NIvaJDMOsjHA8n1jAhLSgzrAzy1Hgr+hNrb57e+94F0=
github.com/google/uuid v1.6.0/go.mod h1:TIyPZe4MgqvfeYDBFedMoGGpEw/LqOeaOT+nhxU+yHo=
github.com/hashicorp/go-hclog v1.6.3 h1:Qr2kF+eVWjTiYmU7Y31tYlP1h0q/X3Nl3tPGdaB11/k=
github.com/hashicorp/go-hclog v1.6.3/go.mod h1:W4Qnvbt70Wk/zYJryRzDRU/4r0kIg0PVHBcfoyhpF5M=
github.com/hashicorp/go-plugin v1.8.0 h1:ie8S6RRY8RvB2usYZv+AAZ/wBvx2AU5p5QeP5j/FORs=
github.com/hashicorp/go-plugin v1.8.0/go.mod h1:BExt6KEaIYx804z8k4gRzRLEvxKVb+kn0NMcihqOqb8=
github.com/hashicorp/yamux v0.1.2 h1:XtB8kyFOyHXYVFnwT5C3+Bdo8gArse7j2AQ0DA0Uey8=
github.com/hashicorp/yamux v0.1.2/go.mod h1:C+zze2n6e/7wshOZep2A70/aQU6QBRWJO/G6FT1wIns=
github.com/hexops/gotextdiff v1.0.3 h1:gitA9+qJrrTCsiCl7+kh75nPqQt1cx4ZkudSTLoUqJM=
github.com/hexops/gotextdiff v1.0.3/go.mod h1:pSWU5MAI3yDq+fZBTazCSJysOMbxWL1BSow5/V2vxeg=
github.com/jhump/protoreflect v1.17.0 h1:qOEr613fac2lOuTgWN4tPAtLL7fUSbuJL5X5XumQh94=
github.com/jhump/protoreflect v1.17.0/go.mod h1:h9+vUUL38jiBzck8ck+6G/aeMX8Z4QUY/NiJPwPNi+8=
github.com/josharian/intern v1.0.0/go.mod h1:5DoeVV0s6jJacbCEi61lwdGj/aVlrQvzHFFd8Hwg//Y=
github.com/kata-containers/govmm v0.0.0-20220119175834-88960a15dacd h1:KHXrWDYVqFpUJthFQ1XRGLipiyZEgoN75ryOxPKJQ98=
github.com/kata-containers/govmm v0.0.0-20220119175834-88960a15dacd/go.mod h1:A6QaNB6N6PRQ9mTRpFtUxiF5T5CJpzLALjxBrUQPlFI=
github.com/klauspost/compress v1.19.2 h1:hMRETovs/pu/dVWN7zIT1PGG8t509MwT6bO7XSi26R8=
github.com/klauspost/compress v1.19.2/go.mod h1:cwPg85FWrGar70rWktvGQj8/hthj3wpl0PGDogxkrSQ=
github.com/kr/pretty v0.3.1 h1:flRD4NNwYAUpkphVc1HcthR4KEIFJ65n8Mw5qdRn3LE=
github.com/kr/pretty v0.3.1/go.mod h1:hoEshYVHaxMs3cyo3Yncou5ZscifuDolrwPKZanG3xk=
github.com/kr/text v0.2.0 h1:5Nx0Ya0ZqY2ygV366QzturHI13Jq95ApcVaJBhpS+AY=
github.com/kr/text v0.2.0/go.mod h1:eLer722TekiGuMkidMxC/pM04lWEeraHUUmBw8l2grE=
github.com/kylelemons/godebug v1.1.0 h1:RPNrshWIDI6G2gRW9EHilWtl7Z6Sb1BR0xunSBf0SNc=
github.com/kylelemons/godebug v1.1.0/go.mod h1:9/0rRGxNHcop5bhtWyNeEfOS8JIWk580+fNqagV/RAw=
github.com/lib/pq v1.10.7 h1:p7ZhMD+KsSRozJr34udlUrhboJwWAgCg34+/ZZNvZZw=
github.com/lib/pq v1.10.7/go.mod h1:AlVN5x4E4T544tWzH6hKfbfQvm3HdbOxrmggDNAPY9o=
github.com/lucasb-eyer/go-colorful v1.4.0 h1:UtrWVfLdarDgc44HcS7pYloGHJUjHV/4FwW4TvVgFr4=
github.com/lucasb-eyer/go-colorful v1.4.0/go.mod h1:R4dSotOR9KMtayYi1e77YzuveK+i7ruzyGqttikkLy0=
github.com/mailru/easyjson v0.7.7 h1:UGYAvKxe3sBsEDzO8ZeWOSlIQfWFlxbzLZe7hwFURr0=
github.com/mailru/easyjson v0.7.7/go.mod h1:xzfreul335JAWq5oZzymOObrkdz5UnU4kGfJJLY9Nlc=
github.com/mattn/go-colorable v0.1.9/go.mod h1:u6P/XSegPjTcexA+o6vUJrdnUu04hMope9wVRipJSqc=
github.com/mattn/go-colorable v0.1.12/go.mod h1:u5H1YNBxpqRaxsYJYSkiCWKzEfiAb1Gb520KVy5xxl4=
github.com/mattn/go-colorable v0.1.13 h1:fFA4WZxdEF4tXPZVKMLwD8oUnCTTo08duU7wxecdEvA=
github.com/mattn/go-colorable v0.1.13/go.mod h1:7S9/ev0klgBDR4GtXTXX8a3vIGJpMovkB8vQcUbaXHg=
github.com/mattn/go-isatty v0.0.12/go.mod h1:cbi8OIDigv2wuxKPP5vlRcQ1OAZbq2CE4Kysco4FUpU=
github.com/mattn/go-isatty v0.0.14/go.mod h1:7GGIvUiUoEMVVmxf/4nioHXj79iQHKdU27kJ6hsGG94=
github.com/mattn/go-isatty v0.0.16/go.mod h1:kYGgaQfpe5nmfYZH+SKPsOc2e4SrIfOl2e/yFXSvRLM=
github.com/mattn/go-isatty v0.0.20 h1:xfD0iDuEKnDkl03q4limB+vH+GxLEtL/jb4xVJSWWEY=
github.com/mattn/go-isatty v0.0.20/go.mod h1:W+V8PltTTMOvKvAeJH7IuucS94S2C6jfK/D7dTCTo3Y=
github.com/mattn/go-runewidth v0.0.23 h1:7ykA0T0jkPpzSvMS5i9uoNn2Xy3R383f9HDx3RybWcw=
github.com/mattn/go-runewidth v0.0.23/go.mod h1:XBkDxAl56ILZc9knddidhrOlY5R/pDhgLpndooCuJAs=
github.com/mitchellh/go-homedir v1.1.0 h1:lukF9ziXFxDFPkA1vsr5zpc1XuPDn/wFntq5mG+4E0Y=
github.com/mitchellh/go-homedir v1.1.0/go.mod h1:SfyaCUpYCn1Vlf4IUYiD9fPX4A5wJrkLzIz1N1q0pr0=
github.com/mitchellh/go-wordwrap v1.0.1 h1:TLuKupo69TCn6TQSyGxwI1EblZZEsQ0vMlAFQflz0v0=
github.com/mitchellh/go-wordwrap v1.0.1/go.mod h1:R62XHJLzvMFRBbcrT7m7WgmE1eOyTSsCt+hzestvNj0=
github.com/muesli/cancelreader v0.2.2 h1:3I4Kt4BQjOR54NavqnDogx/MIoWBFa0StPA8ELUXHmA=
github.com/muesli/cancelreader v0.2.2/go.mod h1:3XuTXfFS2VjM+HTLZY9Ak0l6eUKfijIfMUZ4EgX0QYo=
github.com/oklog/run v1.1.0 h1:GEenZ1cK0+q0+wsJew9qUg/DyD8k3JzYsZAi5gYi2mA=
github.com/oklog/run v1.1.0/go.mod h1:sVPdnTZT1zYwAJeCMu2Th4T21pA3FPOQRfWjQlk7DVU=
github.com/ollama/ollama v0.32.14 h1:UAIdqMEnS0jd8Ux5eydtEqEo2ShIad2LNr/qwIkuqIc=
github.com/ollama/ollama v0.32.14/go.mod h1:Kekx/+OtFZHmqbkVH/QUUDVcMQS+1pg1dcz4Qy7TGn4=
github.com/opencharly/plugin-addr/candy/plugin-addr v0.2026237.1413 h1:DHCcja99q1AG3mTlYxlCx2Ys6Jk9E+ZlVynrfLjL3z4=
github.com/opencharly/plugin-addr/candy/plugin-addr v0.2026237.1413/go.mod h1:XnzuLbpn0ummZT3m6N/y1cVAGov4OR1prOi3D0TBPCw=
github.com/opencharly/plugin-agent-pi/candy/plugin-agent-pi v0.2026237.1414 h1:j1sP3Mi/C9B5bEm/dBZDiKckBmLuJYTIxYqO7dD51oo=
github.com/opencharly/plugin-agent-pi/candy/plugin-agent-pi v0.2026237.1414/go.mod h1:1EYR8lRwvdmTYvVhHYMt1dB0H0iuyar1gUBGhDWLeT4=
github.com/opencharly/plugin-agent/candy/plugin-agent v0.2026237.1413 h1:GlgrK7phRcVtQFS35fUPR/0Fz211AkgV7a8quqvTRSM=
github.com/opencharly/plugin-agent/candy/plugin-agent v0.2026237.1413/go.mod h1:ss+PyfREn0AbyvS7jL8rpIdhD8wgQcfiAsnv/2pFYxk=
github.com/opencharly/plugin-agentteams/candy/plugin-agentteams v0.2026237.1414 h1:lLesy+8+PTjiHot4HP9kEqWFeaozuwt89YHGj+lCFIk=
github.com/opencharly/plugin-agentteams/candy/plugin-agentteams v0.2026237.1414/go.mod h1:Q98zOnfgJezdGanvWfVmAu9s0RYjuGIerI7iQV9yIuA=
github.com/opencharly/plugin-alias/candy/plugin-alias v0.2026237.1414 h1:qqbo30sPPjIon3h7f5mVv+o+RCJhZGWMVKdzpyiV2NE=
github.com/opencharly/plugin-alias/candy/plugin-alias v0.2026237.1414/go.mod h1:wHCdH3V5NCsDrR2MSApA5BCBj/XLwIA90caT2RNMULE=
github.com/opencharly/plugin-authoring/candy/plugin-authoring v0.2026237.1414 h1:afdK2wMwKQ2gr2LQKxDdtp8I/RbQdK04VakA97iqPgU=
github.com/opencharly/plugin-authoring/candy/plugin-authoring v0.2026237.1414/go.mod h1:RI6E4PWf/ESn1aADG1XmJKBV6UbokuFGjbqZpiX48MU=
github.com/opencharly/plugin-box/candy/plugin-box v0.2026243.1718 h1:XPG8ACodb2rTMiC3r1osUl09WJoLPnq0wtD87x7DemY=
github.com/opencharly/plugin-box/candy/plugin-box v0.2026243.1718/go.mod h1:k2OSvWm0hQUD0hZ5k3Yl6qwh16AbXAVWYKtPnhppN4A=
github.com/opencharly/plugin-build/candy/plugin-build v0.2026243.1627 h1:vJX1sSjlHZgErfk9uxPURb6VREamRAYJt0YemuEQlmA=
github.com/opencharly/plugin-build/candy/plugin-build v0.2026243.1627/go.mod h1:LFmW4Z6Jm/ejfRjqhQc3pFjBTNv7tAztQI5tkJUYEPY=
github.com/opencharly/plugin-builder/candy/plugin-builder v0.2026237.1415 h1:ESjbSX0lZgdp64mucEA8lwzT4nQv25Cj5Rtf9XnaU6k=
github.com/opencharly/plugin-builder/candy/plugin-builder v0.2026237.1415/go.mod h1:C8X1kX6oD+ONgrGGCTpGj9a1albGAqe2YGFkOzH2pK4=
github.com/opencharly/plugin-candy-kind/candy/plugin-candy-kind v0.2026237.1416 h1:LAwqDaeqnsxzBzGTzEI9CQtnihsm+RYDJl4JqOgPDYc=
github.com/opencharly/plugin-candy-kind/candy/plugin-candy-kind v0.2026237.1416/go.mod h1:yWaj+FzCUZEBCUfjD0cvSzpJ7C/H8q/eV7DIwaHU74E=
github.com/opencharly/plugin-candy/candy/plugin-candy v0.2026237.1416 h1:VKXx7A6lt08YvU2SYSBJDlBUleSL/xdR/Rol7VDZZc8=
github.com/opencharly/plugin-candy/candy/plugin-candy v0.2026237.1416/go.mod h1:++Bl3IVOuCxzHD9rPFzUeVeLMoXDQCmfBhESywPDBfU=
github.com/opencharly/plugin-check/candy/plugin-check v0.2026244.1307 h1:lT1fwzM817VxsSK5meS7hGRiS3GI+uz1GIpuu/7xnR4=
github.com/opencharly/plugin-check/candy/plugin-check v0.2026244.1307/go.mod h1:ag6I9pUr1o44x95uGg4wg0A7lJ0VFnA1s8sL5F6dBq4=
github.com/opencharly/plugin-clean/candy/plugin-clean v0.2026237.1417 h1:4iA6npWXOw0LkadAFbSnO+uQcAeuo9LafENkcHjmPCQ=
github.com/opencharly/plugin-clean/candy/plugin-clean v0.2026237.1417/go.mod h1:4sjo5erKMmtWCml5Fmf/o7wF6PRnxg0eR/6Ki67HPlg=
github.com/opencharly/plugin-cmd/candy/plugin-cmd v0.2026237.1417 h1:u9uVpaVAgNqHB1ALT8J5J1kZP1oqD2/rm2+Jiii6Omc=
github.com/opencharly/plugin-cmd/candy/plugin-cmd v0.2026237.1417/go.mod h1:F+iBAol/ir9cFlihThscuJ4sKRWkdUzoUETJWs17/UA=
github.com/opencharly/plugin-command/candy/plugin-command v0.2026244.617 h1:5RR+/0o33fSVA6jbppG9SV919Nesu+ynNXgg+6juTDU=
github.com/opencharly/plugin-command/candy/plugin-command v0.2026244.617/go.mod h1:NhU1sjx93aEuAYxJOxHzwrCIJ+BkYZSzZiDw0pwxiPU=
github.com/opencharly/plugin-distro/candy/plugin-distro v0.2026242.1131 h1:bt8CU3f0ZTCCtPsN6ETTVkJzD7Ixq4KffPiI4qewums=
github.com/opencharly/plugin-distro/candy/plugin-distro v0.2026242.1131/go.mod h1:8WXUrJrUfaSssXpZTJlfP+0nb/1P4gmk9LbU/iw+NRo=
github.com/opencharly/plugin-dns/candy/plugin-dns v0.2026237.1418 h1:kleBg1r5FQmttJzpU+l0nGBynpoRAqKU7qQ5PqVqqO4=
github.com/opencharly/plugin-dns/candy/plugin-dns v0.2026237.1418/go.mod h1:v0cn/k1CRWVxIG4rDc+ba4dSumDyapHQTN2Cdz6CppY=
github.com/opencharly/plugin-doctor/candy/plugin-doctor v0.2026237.1419 h1:DcdNkUOzYQKw8X/3idFoINSnTNq0LOdcQLOFg/5Osig=
github.com/opencharly/plugin-doctor/candy/plugin-doctor v0.2026237.1419/go.mod h1:tL1Tiob105rvxInfA9H5UqFKB5rTEMFE9F6l6dDMnrw=
github.com/opencharly/plugin-dsh/candy/plugin-dsh v0.2026237.1419 h1:ZFMury3xLAH4BH3LFNEIVbodRua6AXDTNwCXRz53fjo=
github.com/opencharly/plugin-dsh/candy/plugin-dsh v0.2026237.1419/go.mod h1:lM0klmUElJ61ImzGI1GRsJM1sn1n82APZZOyYsBPeVg=
github.com/opencharly/plugin-egress/candy/plugin-egress v0.2026237.1419 h1:n3aw1FXKRwiGXHYWn3sJhxdIi75/c++3czIszZBbITc=
github.com/opencharly/plugin-egress/candy/plugin-egress v0.2026237.1419/go.mod h1:5Uz4H7GYjW9WS8yPJGlr+dRv/jrR985d+PbaxJeAJZ8=
github.com/opencharly/plugin-enc/candy/plugin-enc v0.2026237.1419 h1:PSgk+nndtBbAUiEGFQr98IkjglpMxb7Je/GfTSUBrJ0=
github.com/opencharly/plugin-enc/candy/plugin-enc v0.2026237.1419/go.mod h1:qBiKVNKkrbVZZ0D1N5dfPDQmgmwOmfim+f5lJ4iQVlw=
github.com/opencharly/plugin-example-bootstrap/candy/plugin-example-bootstrap v0.2026237.1419 h1:FCUi1/L0xXwFPY+/KkzNb9kWbfA/CTnCHC1jBTJoJ6I=
github.com/opencharly/plugin-example-bootstrap/candy/plugin-example-bootstrap v0.2026237.1419/go.mod h1:HBGuDp18ch9bYXrzcWjePD+RTGUh8QLZ9aZb0kaerJs=
github.com/opencharly/plugin-example-command/candy/plugin-example-command v0.2026237.1420 h1:U++1I6Y1RHKMoUi2HGWQ9DThE8ZJHQejNaB3w4Ij23o=
github.com/opencharly/plugin-example-command/candy/plugin-example-command v0.2026237.1420/go.mod h1:MeCUO97Lhis8CZfV/9YD0q02EVNWOzpvMVaree0uPYo=
github.com/opencharly/plugin-example-external/candy/plugin-example-external v0.2026237.1420 h1:iaUBp4X+Y8uejlxFwGOEVYhLfw8P2leD3m8wJTT4k18=
github.com/opencharly/plugin-example-external/candy/plugin-example-external v0.2026237.1420/go.mod h1:cxehCNQKnr8mhVWr8u3H6cZvoe7tF6F992sgurkJk4w=
github.com/opencharly/plugin-example/candy/plugin-example v0.2026237.1419 h1:vXTKcEr68RFPgxMd7M6yCsTKhfgiI5EMCWPSQYnKsyc=
github.com/opencharly/plugin-example/candy/plugin-example v0.2026237.1419/go.mod h1:b+AoBf59RBJfTzt5i29YFSJLNfasgvOqASX76t1p2Ss=
github.com/opencharly/plugin-examplerunverb/candy/plugin-examplerunverb v0.2026237.1421 h1:DCl8K1BBSdvpWRI0AXyGvhncbJP4bfZcEVykKq76824=
github.com/opencharly/plugin-examplerunverb/candy/plugin-examplerunverb v0.2026237.1421/go.mod h1:6aAJ8QnCMjXPWQN95YJ2skxV6p3IThzh2R0NRrDWkbU=
github.com/opencharly/plugin-feature/candy/plugin-feature v0.2026237.1422 h1:78pQl83P4jGk4imM8ixvgyLNob3YxVW1WY2xrpXEmq8=
github.com/opencharly/plugin-feature/candy/plugin-feature v0.2026237.1422/go.mod h1:prli9Ifi8tMCvaDve467zshWv66IiBvfg7zJpAW24dE=
github.com/opencharly/plugin-file/candy/plugin-file v0.2026242.2145 h1:qwLvz0aUJg2fFh90woFyEBPAZnK55vUDO5oX1p1KltU=
github.com/opencharly/plugin-file/candy/plugin-file v0.2026242.2145/go.mod h1:rDRPywq16JlcG1R3bAI0JspWH4L4eCpkl6fWFlWCGSY=
github.com/opencharly/plugin-fleet/candy/plugin-fleet v0.2026241.1037 h1:f366Pg35/J046RHQ+nFMNa3wlU4yi/hnv7yp1T02GiI=
github.com/opencharly/plugin-fleet/candy/plugin-fleet v0.2026241.1037/go.mod h1:FwZsT1Pvh1dHCnY2mymeO4ATbw2/9lpooEWDbakl+Hc=
github.com/opencharly/plugin-gpu/candy/plugin-gpu v0.2026237.1422 h1:AtNtEGkYinQC7MsK3l7RdESfdz10iiBaqHHHDMFw9uc=
github.com/opencharly/plugin-gpu/candy/plugin-gpu v0.2026237.1422/go.mod h1:n48imd5B164vFBOvdc51ybXAxJHop2uXWYMfvjVJso0=
github.com/opencharly/plugin-group/candy/plugin-group v0.2026237.1423 h1:snPacSMe0pRmeSPD/x9hwfbTpYJ2ehZ7TNcUqAP2dF0=
github.com/opencharly/plugin-group/candy/plugin-group v0.2026237.1423/go.mod h1:2vlsWCpGHdkjtpVbQosGhlqc0anKhS82vmt+n/pfM+I=
github.com/opencharly/plugin-harness-kind/candy/plugin-harness-kind v0.2026237.1423 h1:F0Q1rQN8v0hLTKURV1VS+ymrFrLhKitVo9ZH0+pAXJ4=
github.com/opencharly/plugin-harness-kind/candy/plugin-harness-kind v0.2026237.1423/go.mod h1:i0bbf7vYq0nNwfHPX21Gsz6t2H+NfYp39hFcSGmLwSU=
github.com/opencharly/plugin-http/candy/plugin-http v0.2026237.1423 h1:/Uot3FaeQR+plmprL2lIKMWcdiPUHXbMmGOK621tbZw=
github.com/opencharly/plugin-http/candy/plugin-http v0.2026237.1423/go.mod h1:6UI9BIsUbVt4P9cXnQUN2R/XH84HFnjLGpLcB5AmSZw=
github.com/opencharly/plugin-init/candy/plugin-init v0.2026240.1727 h1:O+O561QPoYTMQJJeD5agPwpWWEuVdK311H6l/FKjdCU=
github.com/opencharly/plugin-init/candy/plugin-init v0.2026240.1727/go.mod h1:TFRtupIf/As+ETNbtEr0v+kEYUmNiDqBFKDduymv3x4=
github.com/opencharly/plugin-installstep/candy/plugin-installstep v0.2026237.1424 h1:RyxWstlvcWcftIq/ISxI26rn1VUu6S7nx5XxuKytIxo=
github.com/opencharly/plugin-installstep/candy/plugin-installstep v0.2026237.1424/go.mod h1:BgTi/1DKF8EGzeraC2FiojhwrBacDj3r8Uu2f5GElqE=
github.com/opencharly/plugin-interface/candy/plugin-interface v0.2026237.1424 h1:IVBNNo7uKUw2tmKQK/q+fNEPwnuXb/F7OI/JG0TOVUQ=
github.com/opencharly/plugin-interface/candy/plugin-interface v0.2026237.1424/go.mod h1:Gh45n+kv6QGWH/whvaYieYy2jYvd+P51mn7Mn4pMjFc=
github.com/opencharly/plugin-k8sgen/candy/plugin-k8sgen v0.2026237.1424 h1:YQbHMHjHiKAJzSegqABLsI69XoaRQC4jI6C5ptnkQEQ=
github.com/opencharly/plugin-k8sgen/candy/plugin-k8sgen v0.2026237.1424/go.mod h1:Bys2xWVaV9PDjS70ZBU1GZKv9mXx0vFkCLqIMx0wMXI=
github.com/opencharly/plugin-kernel-param/candy/plugin-kernel-param v0.2026237.1424 h1:jyry2WprXOmh7rYOxF4g9rd0b/w30sg62OKRyWzsTF8=
github.com/opencharly/plugin-kernel-param/candy/plugin-kernel-param v0.2026237.1424/go.mod h1:lmea0+cpHgXRKRCljyd9MiI1dR3ucMUPZQzEW1Ispr0=
github.com/opencharly/plugin-loader/candy/plugin-loader v0.2026243.719 h1:qys9c0gIIQ27YsDEmo4+vUAs+z+unXZRsyjBiNtUDUI=
github.com/opencharly/plugin-loader/candy/plugin-loader v0.2026243.719/go.mod h1:KQJ1fzTQhjb32PTeM66tThJB0MuaJ7cQ4wQwn8LBCeU=
github.com/opencharly/plugin-matching/candy/plugin-matching v0.2026237.1425 h1:8CdIvBw1Bnep7SZWBQp7AZO6xN3wJSrAzVpOxLrsZ3U=
github.com/opencharly/plugin-matching/candy/plugin-matching v0.2026237.1425/go.mod h1:gIaY1ftm091L5fh6O6W4dJEt0Am48NRd3Gmp8Bnc6rU=
github.com/opencharly/plugin-migrate/candy/plugin-migrate v0.2026237.1425 h1:ojGyapmsOAOCqCmADvfecgeIPJ99kgZQsFfdm6o4usQ=
github.com/opencharly/plugin-migrate/candy/plugin-migrate v0.2026237.1425/go.mod h1:B1TayoeXtJ8E0/Y8efwzYT1zJAyQkuQchk7jgEKYilA=
github.com/opencharly/plugin-mount/candy/plugin-mount v0.2026237.1426 h1:9xJNRZwM/CZ17i4fPg/bufHr6U4a7m5s5n9VgsSQWyw=
github.com/opencharly/plugin-mount/candy/plugin-mount v0.2026237.1426/go.mod h1:UZPYGJffJW8DR/v/eThFSpXYNLPyv+Bdze+9JyNer0c=
github.com/opencharly/plugin-oci/candy/plugin-oci v0.2026237.1426 h1:9zQekmVBX+dPV+FT+Rl3a8fvmmIug2PINSWzpCvj9mk=
github.com/opencharly/plugin-oci/candy/plugin-oci v0.2026237.1426/go.mod h1:asCw56rCxdYSdAepMNErJSG7ZBrEpoSnt0L5yg+0BLw=
github.com/opencharly/plugin-ollama/candy/plugin-ollama v0.2026237.1426 h1:EqAn+xKlMTKuyvVa9n6Ym36WIms7SCmiYShBT8sNg3o=
github.com/opencharly/plugin-ollama/candy/plugin-ollama v0.2026237.1426/go.mod h1:e6WvuQ3Uf3Kf66rw+aIy/Q47Ro3OdusIAtSegMuE+mc=
github.com/opencharly/plugin-package/candy/plugin-package v0.2026237.1426 h1:MxwuZLwJh7KN5zPYket9TYGHfaLnia3YIdcnwRjIN9s=
github.com/opencharly/plugin-package/candy/plugin-package v0.2026237.1426/go.mod h1:+4P44PCWLIKqo97xYFZV5O9qMVB4ageA1e9E29LzxMw=
github.com/opencharly/plugin-pod/candy/plugin-pod v0.2026237.1426 h1:aGzAgFr+zznTy2KqgZ8o2ka+DLrWQJfjnGNEcJR5IFU=
github.com/opencharly/plugin-pod/candy/plugin-pod v0.2026237.1426/go.mod h1:WwpknkJHia25DMOEKRSv072xtKpAMhLEsb75Ul36uws=
github.com/opencharly/plugin-port/candy/plugin-port v0.2026237.1411 h1:gyUvXC6VniBdWZ7dcdXzT5h/FMltfyYxTohzEUpiIcg=
github.com/opencharly/plugin-port/candy/plugin-port v0.2026237.1411/go.mod h1:YQ6T7HZv0kY5yfleXGZz125nhboLx7rjgqK6rBUIB/I=
github.com/opencharly/plugin-preempt/candy/plugin-preempt v0.2026237.1426 h1:TqZhnEXxufEkcyiw/tR+szn9GNBW3tP75AayPZ1mVak=
github.com/opencharly/plugin-preempt/candy/plugin-preempt v0.2026237.1426/go.mod h1:rdv6iC6A3sLwpm9w09QIl6QQ1Hnui63efAagQLyLaL4=
github.com/opencharly/plugin-process/candy/plugin-process v0.2026237.1427 h1:lIxrp+9bZYtd8t+bgc2p7O5oD/7QwFFd5n6e37ujigI=
github.com/opencharly/plugin-process/candy/plugin-process v0.2026237.1427/go.mod h1:rIGvweVC4Y1iv9ZzCiplyKsEOo2h0XQegvjyZYoMzdk=
github.com/opencharly/plugin-refs/candy/plugin-refs v0.2026237.1427 h1:J5Lh4axk4lvmbRIf/M7sl2uwLcGEY00ooUkrnh7aEcM=
github.com/opencharly/plugin-refs/candy/plugin-refs v0.2026237.1427/go.mod h1:9fn8rOBQ3NOgdZDhVBVqAAQ2aFVkIYFbN95iJ7v5bdE=
github.com/opencharly/plugin-resource/candy/plugin-resource v0.2026237.1427 h1:f4PvYO6R4v/P6/af/s2Xf1NSG1Rhx/1QBtF0qVRR0Pg=
github.com/opencharly/plugin-resource/candy/plugin-resource v0.2026237.1427/go.mod h1:Uwe4TvH/3LJ+Rff7Z9jJL1hJRaxWIy6BbI1d/B/kHTE=
github.com/opencharly/plugin-service/candy/plugin-service v0.2026242.2146 h1:si339zgMyu1IUeSnw628m6VhHmtkf8hJIuV+OAqkwZQ=
github.com/opencharly/plugin-service/candy/plugin-service v0.2026242.2146/go.mod h1:jOnluRLSRmxI733Z94JE+uBW0Gxc/ITRLCnRhOAK5mU=
github.com/opencharly/plugin-settings/candy/plugin-settings v0.2026237.1428 h1:VL72RMgbN380wyKf8KVG8+V331foXWA1wQubW9q/CDw=
github.com/opencharly/plugin-settings/candy/plugin-settings v0.2026237.1428/go.mod h1:qUXtK2srh5NBG+Tk3xFShWfJkXrsfluYcQf0E+O88A4=
github.com/opencharly/plugin-sidecar/candy/plugin-sidecar v0.2026237.1428 h1:KlbJHkFcd1xRjkNqTbALMKzTgJ8OuSyzVuFv2R26/r4=
github.com/opencharly/plugin-sidecar/candy/plugin-sidecar v0.2026237.1428/go.mod h1:TUYixmhn1p9nO1bVlEFkMYx+mnzU9bREEP0lxXxWGr0=
github.com/opencharly/plugin-ssh/candy/plugin-ssh v0.2026237.1428 h1:3yBv7q4GtD1p7157SXiesAeAr3DF6tY45rkyuqZO3is=
github.com/opencharly/plugin-ssh/candy/plugin-ssh v0.2026237.1428/go.mod h1:d2S/Ra4N9gR47DOdjIgdiawi3qw3Xtqr+YDeei4A7UU=
github.com/opencharly/plugin-status/candy/plugin-status v0.2026237.1429 h1:HuxpZYhk0oGN3C8PzWPzm+WyCOB/yDQTlZsMPwcm8pA=
github.com/opencharly/plugin-status/candy/plugin-status v0.2026237.1429/go.mod h1:1MRyZh0g0hkG6DZzThTK2XLKJs6hiPV80N12h9R7HQg=
github.com/opencharly/plugin-substrate/candy/plugin-substrate v0.2026241.1038 h1:P58Gj3Ldux5xjecxPemegmNQ8RrdmpriwMYk+b7ZIw8=
github.com/opencharly/plugin-substrate/candy/plugin-substrate v0.2026241.1038/go.mod h1:wMxi4cGnKJipLErvhqX5HA+vrBtKVVXN2bmMtmsbxds=
github.com/opencharly/plugin-tmux/candy/plugin-tmux v0.2026237.1429 h1:sv/IuVOyNUIHRIzS9MTOWX3OoZpilr1L+DjvRu4N0gA=
github.com/opencharly/plugin-tmux/candy/plugin-tmux v0.2026237.1429/go.mod h1:+D1uLIWXqrWv+UCVf8MvtXw3c/QlPXzmyheVJ04elHg=
github.com/opencharly/plugin-tunnel/candy/plugin-tunnel v0.2026237.1429 h1:uisU3zKiQm3Mfz18iVF2Lmah1Qo0l89ShUi0ENy0gL8=
github.com/opencharly/plugin-tunnel/candy/plugin-tunnel v0.2026237.1429/go.mod h1:9BjiG6ZnyynZZunfaElPIvsDXzJ5b5ULToVvaRlCFG4=
github.com/opencharly/plugin-unix-group/candy/plugin-unix-group v0.2026237.1430 h1:m1mrr538N7BY3xrtcJWocm6i56YsoDwVYj5Xnvkc+v4=
github.com/opencharly/plugin-unix-group/candy/plugin-unix-group v0.2026237.1430/go.mod h1:oxgvh5PZ+j5ezOS1qUJumnEBFyOg3a5pUz/r2lMyplo=
github.com/opencharly/plugin-user/candy/plugin-user v0.2026242.2148 h1:Qd7xae43/hMNkxIrXQgmUnjhJVXhRoq+hrRLJnNYQn4=
github.com/opencharly/plugin-user/candy/plugin-user v0.2026242.2148/go.mod h1:X+COgIvHq7NIpaK3rraNOeyDESN3R8ZhGD99sNcFZms=
github.com/opencharly/plugin-vm/candy/plugin-vm v0.2026244.1307 h1:TVnxxy2/uJXoM4/Lu0KCNjP169DX+LuqaIF6LdB1e1w=
github.com/opencharly/plugin-vm/candy/plugin-vm v0.2026244.1307/go.mod h1:ZKvGFeor3TsS7TG0X5TxXQUti/4b568bzbNbSylp4jY=
github.com/opencharly/sdk v0.2026243.714 h1:2PtLgxQALOd5CTdnPeHIv9DFLKrKCdYbtle1+4y7Tr0=
github.com/opencharly/sdk v0.2026243.714/go.mod h1:cfausRR3vR4T40JN8oynWzl70xbbF4b2c8utviVxqlE=
github.com/opencharly/spec v0.2026244.1013 h1:kfNTYBZTA7aimLJiudYmsczmWIgP0zA0sqBgJQHTk2g=
github.com/opencharly/spec v0.2026244.1013/go.mod h1:yaB8ABSTiJClK1xq/zCtWizcqfKKOhnuKcgGrHwxmW8=
github.com/opencontainers/go-digest v1.0.0 h1:apOUWs51W5PlhuyGyz9FCeeBIOUDA/6nW8Oi/yOhh5U=
github.com/opencontainers/go-digest v1.0.0/go.mod h1:0JzlMkj0TRzQZfJkVvzbP0HBR3IKzErnv2BNG4W4MAM=
github.com/opencontainers/image-spec v1.1.1 h1:y0fUlFfIZhPF1W537XOLg0/fcx6zcHCJwooC2xJA040=
github.com/opencontainers/image-spec v1.1.1/go.mod h1:qpqAh3Dmcf36wStyyWU+kCeDgrGnAve2nCC8+7h8Q0M=
github.com/pelletier/go-toml/v2 v2.2.4 h1:mye9XuhQ6gvn5h28+VilKrrPoQVanw5PMw/TB0t5Ec4=
github.com/pelletier/go-toml/v2 v2.2.4/go.mod h1:2gIqNv+qfxSVS7cM2xJQKtLSTLUE9V8t9Stt+h56mCY=
github.com/pkg/errors v0.9.1 h1:FEBLx1zS214owpjy7qsBeixbURkuhQAwrK5UwLGTwt4=
github.com/pkg/errors v0.9.1/go.mod h1:bwawxfHBFNV+L2hUp1rHADufV3IMtnDRdf1r5NINEl0=
github.com/pmezard/go-difflib v1.0.0/go.mod h1:iKH77koFhYxTK1pcRnkKkqfTogsbg7gZNVY4sRDYZ/4=
github.com/pmezard/go-difflib v1.0.1-0.20181226105442-5d4384ee4fb2 h1:Jamvg5psRIccs7FGNTlIRMkT8wgtp5eCXdBlqhYGL6U=
github.com/pmezard/go-difflib v1.0.1-0.20181226105442-5d4384ee4fb2/go.mod h1:iKH77koFhYxTK1pcRnkKkqfTogsbg7gZNVY4sRDYZ/4=
github.com/protocolbuffers/txtpbfmt v0.0.0-20260217160748-a481f6a22f94 h1:2PC6Ql3jipz1KvBlqUHjjk6v4aMwE86mfDu1XMH0LR8=
github.com/protocolbuffers/txtpbfmt v0.0.0-20260217160748-a481f6a22f94/go.mod h1:JSbkp0BviKovYYt9XunS95M3mLPibE9bGg+Y95DsEEY=
github.com/rivo/uniseg v0.4.7 h1:WUdvkW8uEhrYfLC4ZzdpI2ztxP1I582+49Oc5Mq64VQ=
github.com/rivo/uniseg v0.4.7/go.mod h1:FN3SvrM+Zdj16jyLfmOkMNblXMcoc8DfTHruCPUcx88=
github.com/rogpeppe/go-internal v1.14.1 h1:UQB4HGPB6osV0SQTLymcB4TgvyWu6ZyliaW0tI/otEQ=
github.com/rogpeppe/go-internal v1.14.1/go.mod h1:MaRKkUm5W0goXpeCfT7UZI6fk/L7L7so1lCWt35ZSgc=
github.com/sirupsen/logrus v1.9.3 h1:dueUQJ1C2q9oE3F7wvmSGAaVtTmUizReu6fjN8uqzbQ=
github.com/sirupsen/logrus v1.9.3/go.mod h1:naHLuLoDiP4jHNo9R0sCBMtWGeIprob74mVsIT4qYEQ=
github.com/stretchr/objx v0.1.0/go.mod h1:HFkY916IF+rwdDfMAkV7OtwuqBVzrE8GR6GFx+wExME=
github.com/stretchr/testify v1.7.0/go.mod h1:6Fq8oRcR53rry900zMqJjRRixrwX3KX962/h/Wwjteg=
github.com/stretchr/testify v1.7.2/go.mod h1:R6va5+xMeoiuVRoj+gSkQ7d3FALtqAAGI1FQKckRals=
github.com/stretchr/testify v1.11.1 h1:7s2iGBzp5EwR7/aIZr8ao5+dra3wiQyKjjFuvgVKu7U=
github.com/stretchr/testify v1.11.1/go.mod h1:wZwfW3scLgRK+23gO65QZefKpKQRnfz6sD981Nm4B6U=
github.com/vbatts/tar-split v0.12.2 h1:w/Y6tjxpeiFMR47yzZPlPj/FcPLpXbTUi/9H7d3CPa4=
github.com/vbatts/tar-split v0.12.2/go.mod h1:eF6B6i6ftWQcDqEn3/iGFRFRo8cBIMSJVOpnNdfTMFA=
github.com/wk8/go-ordered-map/v2 v2.1.8 h1:5h/BUHu93oj4gIdvHHHGsScSTMijfx5PeYkE/fJgbpc=
github.com/wk8/go-ordered-map/v2 v2.1.8/go.mod h1:5nJHM5DyteebpVlHnWMV0rPz6Zp7+xBAnxjb1X5vnTw=
github.com/xo/terminfo v0.0.0-20220910002029-abceb7e1c41e h1:JVG44RsyaB9T2KIHavMF/ppJZNG9ZpyihvCd0w101no=
github.com/xo/terminfo v0.0.0-20220910002029-abceb7e1c41e/go.mod h1:RbqR21r5mrJuqunuUZ/Dhy/avygyECGrLceyNeo4LiM=
go.yaml.in/yaml/v3 v3.0.4 h1:tfq32ie2Jv2UxXFdLJdh3jXuOzWiL1fo0bu/FbuKpbc=
go.yaml.in/yaml/v3 v3.0.4/go.mod h1:DhzuOOF2ATzADvBadXxruRBLzYTpT36CKvDb3+aBEFg=
golang.org/x/crypto v0.52.0 h1:RMs7fP2rXdep0CftQlK8Uf+kibLm7qkCcradZWYz988=
golang.org/x/crypto v0.52.0/go.mod h1:1QgfPxDqh0T2M/elOJtp9RvuR95kVjir0e6/BvEmGbc=
golang.org/x/exp v0.0.0-20260410095643-746e56fc9e2f h1:W3F4c+6OLc6H2lb//N1q4WpJkhzJCK5J6kUi1NTVXfM=
golang.org/x/exp v0.0.0-20260410095643-746e56fc9e2f/go.mod h1:J1xhfL/vlindoeF/aINzNzt2Bket5bjo9sdOYzOsU80=
golang.org/x/mod v0.35.0 h1:Ww1D637e6Pg+Zb2KrWfHQUnH2dQRLBQyAtpr/haaJeM=
golang.org/x/mod v0.35.0/go.mod h1:+GwiRhIInF8wPm+4AoT6L0FA1QWAad3OMdTRx4tFYlU=
golang.org/x/net v0.55.0 h1:bcvxaJn3e1U6InsFWt1JUq1aSjnRxLzT2rtD2KfkDF8=
golang.org/x/net v0.55.0/go.mod h1:L5U2KuzuOe1lY7Z+aWVIKK6qEeJXnXV9yzGA+WCHJww=
golang.org/x/oauth2 v0.36.0 h1:peZ/1z27fi9hUOFCAZaHyrpWG5lwe0RJEEEeH0ThlIs=
golang.org/x/oauth2 v0.36.0/go.mod h1:YDBUJMTkDnJS+A4BP4eZBjCqtokkg1hODuPjwiGPO7Q=
golang.org/x/sync v0.20.0 h1:e0PTpb7pjO8GAtTs2dQ6jYa5BWYlMuX047Dco/pItO4=
golang.org/x/sync v0.20.0/go.mod h1:9xrNwdLfx4jkKbNva9FpL6vEN7evnE43NNNJQ2LF3+0=
golang.org/x/sys v0.0.0-20200116001909-b77594299b42/go.mod h1:h1NjWce9XRLGQEsW7wpKNCjG9DtNlClVuFLEZdDNbEs=
golang.org/x/sys v0.0.0-20200223170610-d5e6a3e2c0ae/go.mod h1:h1NjWce9XRLGQEsW7wpKNCjG9DtNlClVuFLEZdDNbEs=
golang.org/x/sys v0.0.0-20210630005230-0f9fa26af87c/go.mod h1:oPkhp1MJrh7nUepCBck5+mAzfO9JrbApNNgaTdGDITg=
golang.org/x/sys v0.0.0-20210927094055-39ccf1dd6fa6/go.mod h1:oPkhp1MJrh7nUepCBck5+mAzfO9JrbApNNgaTdGDITg=
golang.org/x/sys v0.0.0-20220503163025-988cb79eb6c6/go.mod h1:oPkhp1MJrh7nUepCBck5+mAzfO9JrbApNNgaTdGDITg=
golang.org/x/sys v0.0.0-20220715151400-c0bba94af5f8/go.mod h1:oPkhp1MJrh7nUepCBck5+mAzfO9JrbApNNgaTdGDITg=
golang.org/x/sys v0.0.0-20220811171246-fbc7d0a398ab/go.mod h1:oPkhp1MJrh7nUepCBck5+mAzfO9JrbApNNgaTdGDITg=
golang.org/x/sys v0.6.0/go.mod h1:oPkhp1MJrh7nUepCBck5+mAzfO9JrbApNNgaTdGDITg=
golang.org/x/sys v0.45.0 h1:dO4czNzziLiiXplLQgBCEpCvXQ3dnkn0SdaZSYdQ+FY=
golang.org/x/sys v0.45.0/go.mod h1:4GL1E5IUh+htKOUEOaiffhrAeqysfVGipDYzABqnCmw=
golang.org/x/term v0.43.0 h1:S4RLU2sB31O/NCl+zFN9Aru9A/Cq2aqKpTZJ6B+DwT4=
golang.org/x/term v0.43.0/go.mod h1:lrhlHNdQJHO+1qVYiHfFKVuVioJIheAc3fBSMFYEIsk=
golang.org/x/text v0.37.0 h1:Cqjiwd9eSg8e0QAkyCaQTNHFIIzWtidPahFWR83rTrc=
golang.org/x/text v0.37.0/go.mod h1:a5sjxXGs9hsn/AJVwuElvCAo9v8QYLzvavO5z2PiM38=
golang.org/x/tools v0.44.0 h1:UP4ajHPIcuMjT1GqzDWRlalUEoY+uzoZKnhOjbIPD2c=
golang.org/x/tools v0.44.0/go.mod h1:KA0AfVErSdxRZIsOVipbv3rQhVXTnlU6UhKxHd1seDI=
google.golang.org/genproto/googleapis/rpc v0.0.0-20231106174013-bbf56f31fb17 h1:Jyp0Hsi0bmHXG6k9eATXoYtjd6e2UzZ1SCn/wIupY14=
google.golang.org/genproto/googleapis/rpc v0.0.0-20231106174013-bbf56f31fb17/go.mod h1:oQ5rr10WTTMvP4A36n8JpR1OrO1BEiV4f78CneXZxkA=
google.golang.org/grpc v1.61.0 h1:TOvOcuXn30kRao+gfcvsebNEa5iZIiLkisYEkf7R7o0=
google.golang.org/grpc v1.61.0/go.mod h1:VUbo7IFqmF1QtCAstipjG0GIoq49KvMe9+h1jFLBNJs=
google.golang.org/protobuf v1.36.12-0.20260120151049-f2248ac996af h1:+5/Sw3GsDNlEmu7TfklWKPdQ0Ykja5VEmq2i817+jbI=
google.golang.org/protobuf v1.36.12-0.20260120151049-f2248ac996af/go.mod h1:HTf+CrKn2C3g5S8VImy6tdcUvCska2kB7j23XfzDpco=
gopkg.in/check.v1 v0.0.0-20161208181325-20d25e280405/go.mod h1:Co6ibVJAznAaIkqp8huTwlJQCZ016jof/cbN4VW5Yz0=
gopkg.in/check.v1 v1.0.0-20201130134442-10cb98267c6c h1:Hei/4ADfdWqJk1ZMxUNpqntNwaWcugrBjAiHlqqRiVk=
gopkg.in/check.v1 v1.0.0-20201130134442-10cb98267c6c/go.mod h1:JHkPIbrfpd72SG/EVd6muEfDQjcINNoR0C8j2r3qZ4Q=
gopkg.in/yaml.v3 v3.0.0-20200313102051-9f266ea9e77c/go.mod h1:K4uyk7z7BCEPqu6E+C64Yfv1cQ7kz7rIZviUmN+EgEM=
gopkg.in/yaml.v3 v3.0.1 h1:fxVm/GzAzEWqLHuvctI91KS9hhNmmWOoWu0XTYJS7CA=
gopkg.in/yaml.v3 v3.0.1/go.mod h1:K4uyk7z7BCEPqu6E+C64Yfv1cQ7kz7rIZviUmN+EgEM=
gotest.tools/v3 v3.0.3 h1:4AuOwCGf4lLR9u3YOe2awrHygurzhO/HeQ6laiA6Sx0=
gotest.tools/v3 v3.0.3/go.mod h1:Z7Lb0S5l+klDB31fvDQX8ss/FlKDxtlFlw3Oa8Ymbl8=
libvirt.org/go/libvirtxml v1.12005.0 h1:KOxYULmLDHBR4GOd/c+8K65XtTYilVmiDPyr37mUGms=
libvirt.org/go/libvirtxml v1.12005.0/go.mod h1:7Oq2BLDstLr/XtoQD8Fr3mfDNrzlI3utYKySXF2xkng=
